// !$*UTF8*$!
{
	archiveVersion = 1;
	classes = {
	};
	objectVersion = 46;
	objects = {

/* Begin PBXBuildFile section */
		1E9BF8DC18EA0CAD00514B1E /* test.html in Resources */ = {isa = PBXBuildFile; fileRef = 1E9BF8DB18EA0CAD00514B1E /* test.html */; };
		1EC3016B18CDAA8400D06D07 /* InfoPlist.strings in Resources */ = {isa = PBXBuildFile; fileRef = 1EC3016918CDAA8400D06D07 /* InfoPlist.strings */; };
		1EC3016D18CDAA8400D06D07 /* main.m in Sources */ = {isa = PBXBuildFile; fileRef = 1EC3016C18CDAA8400D06D07 /* main.m */; };
		1EC3017118CDAA8400D06D07 /* AppDelegate.m in Sources */ = {isa = PBXBuildFile; fileRef = 1EC3017018CDAA8400D06D07 /* AppDelegate.m */; };
		1EC3017318CDAA8400D06D07 /* Images.xcassets in Resources */ = {isa = PBXBuildFile; fileRef = 1EC3017218CDAA8400D06D07 /* Images.xcassets */; };
		1EC3019118CDABCE00D06D07 /* AppLinkTests.m in Sources */ = {isa = PBXBuildFile; fileRef = 1EC3019018CDABCE00D06D07 /* AppLinkTests.m */; };
		7C4C78AA2919C45900CF5A60 /* BFExecutor.m in Sources */ = {isa = PBXBuildFile; fileRef = 7C4C78972919C44600CF5A60 /* BFExecutor.m */; };
		7C4C78AB2919C45900CF5A60 /* BFUtils.m in Sources */ = {isa = PBXBuildFile; fileRef = 7C4C789B2919C44600CF5A60 /* BFUtils.m */; };
		7C4C78AC2919C45900CF5A60 /* BFCancellationTokenRegistration.m in Sources */ = {isa = PBXBuildFile; fileRef = 7C4C78A12919C44600CF5A60 /* BFCancellationTokenRegistration.m */; };
		7C4C78AD2919C45900CF5A60 /* Bolts.m in Sources */ = {isa = PBXBuildFile; fileRef = 7C4C789E2919C44600CF5A60 /* Bolts.m */; };
		7C4C78AE2919C45900CF5A60 /* BFCancellationTokenSource.m in Sources */ = {isa = PBXBuildFile; fileRef = 7C4C78A02919C44600CF5A60 /* BFCancellationTokenSource.m */; };
		7C4C78AF2919C45900CF5A60 /* BFTask.m in Sources */ = {isa = PBXBuildFile; fileRef = 7C4C789A2919C44600CF5A60 /* BFTask.m */; };
		7C4C78B02919C45900CF5A60 /* BFCancellationToken.m in Sources */ = {isa = PBXBuildFile; fileRef = 7C4C78A52919C44600CF5A60 /* BFCancellationToken.m */; };
		7C4C78B12919C45900CF5A60 /* BFTaskCompletionSource.m in Sources */ = {isa = PBXBuildFile; fileRef = 7C4C78992919C44600CF5A60 /* BFTaskCompletionSource.m */; };
		7C4C78B22919C45900CF5A60 /* BFExecutor.m in Sources */ = {isa = PBXBuildFile; fileRef = 7C4C78972919C44600CF5A60 /* BFExecutor.m */; };
		7C4C78B32919C45900CF5A60 /* BFUtils.m in Sources */ = {isa = PBXBuildFile; fileRef = 7C4C789B2919C44600CF5A60 /* BFUtils.m */; };
		7C4C78B42919C45900CF5A60 /* BFCancellationTokenRegistration.m in Sources */ = {isa = PBXBuildFile; fileRef = 7C4C78A12919C44600CF5A60 /* BFCancellationTokenRegistration.m */; };
		7C4C78B52919C45900CF5A60 /* Bolts.m in Sources */ = {isa = PBXBuildFile; fileRef = 7C4C789E2919C44600CF5A60 /* Bolts.m */; };
		7C4C78B62919C45900CF5A60 /* BFCancellationTokenSource.m in Sources */ = {isa = PBXBuildFile; fileRef = 7C4C78A02919C44600CF5A60 /* BFCancellationTokenSource.m */; };
		7C4C78B72919C45900CF5A60 /* BFTask.m in Sources */ = {isa = PBXBuildFile; fileRef = 7C4C789A2919C44600CF5A60 /* BFTask.m */; };
		7C4C78B82919C45900CF5A60 /* BFCancellationToken.m in Sources */ = {isa = PBXBuildFile; fileRef = 7C4C78A52919C44600CF5A60 /* BFCancellationToken.m */; };
		7C4C78B92919C45900CF5A60 /* BFTaskCompletionSource.m in Sources */ = {isa = PBXBuildFile; fileRef = 7C4C78992919C44600CF5A60 /* BFTaskCompletionSource.m */; };
		7C4C78BA2919C45900CF5A60 /* BFExecutor.m in Sources */ = {isa = PBXBuildFile; fileRef = 7C4C78972919C44600CF5A60 /* BFExecutor.m */; };
		7C4C78BB2919C45900CF5A60 /* BFUtils.m in Sources */ = {isa = PBXBuildFile; fileRef = 7C4C789B2919C44600CF5A60 /* BFUtils.m */; };
		7C4C78BC2919C45900CF5A60 /* BFCancellationTokenRegistration.m in Sources */ = {isa = PBXBuildFile; fileRef = 7C4C78A12919C44600CF5A60 /* BFCancellationTokenRegistration.m */; };
		7C4C78BD2919C45900CF5A60 /* Bolts.m in Sources */ = {isa = PBXBuildFile; fileRef = 7C4C789E2919C44600CF5A60 /* Bolts.m */; };
		7C4C78BE2919C45900CF5A60 /* BFCancellationTokenSource.m in Sources */ = {isa = PBXBuildFile; fileRef = 7C4C78A02919C44600CF5A60 /* BFCancellationTokenSource.m */; };
		7C4C78BF2919C45900CF5A60 /* BFTask.m in Sources */ = {isa = PBXBuildFile; fileRef = 7C4C789A2919C44600CF5A60 /* BFTask.m */; };
		7C4C78C02919C45900CF5A60 /* BFCancellationToken.m in Sources */ = {isa = PBXBuildFile; fileRef = 7C4C78A52919C44600CF5A60 /* BFCancellationToken.m */; };
		7C4C78C12919C45900CF5A60 /* BFTaskCompletionSource.m in Sources */ = {isa = PBXBuildFile; fileRef = 7C4C78992919C44600CF5A60 /* BFTaskCompletionSource.m */; };
		7C4C78C22919C45A00CF5A60 /* BFExecutor.m in Sources */ = {isa = PBXBuildFile; fileRef = 7C4C78972919C44600CF5A60 /* BFExecutor.m */; };
		7C4C78C32919C45A00CF5A60 /* BFUtils.m in Sources */ = {isa = PBXBuildFile; fileRef = 7C4C789B2919C44600CF5A60 /* BFUtils.m */; };
		7C4C78C42919C45A00CF5A60 /* BFCancellationTokenRegistration.m in Sources */ = {isa = PBXBuildFile; fileRef = 7C4C78A12919C44600CF5A60 /* BFCancellationTokenRegistration.m */; };
		7C4C78C52919C45A00CF5A60 /* Bolts.m in Sources */ = {isa = PBXBuildFile; fileRef = 7C4C789E2919C44600CF5A60 /* Bolts.m */; };
		7C4C78C62919C45A00CF5A60 /* BFCancellationTokenSource.m in Sources */ = {isa = PBXBuildFile; fileRef = 7C4C78A02919C44600CF5A60 /* BFCancellationTokenSource.m */; };
		7C4C78C72919C45A00CF5A60 /* BFTask.m in Sources */ = {isa = PBXBuildFile; fileRef = 7C4C789A2919C44600CF5A60 /* BFTask.m */; };
		7C4C78C82919C45A00CF5A60 /* BFCancellationToken.m in Sources */ = {isa = PBXBuildFile; fileRef = 7C4C78A52919C44600CF5A60 /* BFCancellationToken.m */; };
		7C4C78C92919C45A00CF5A60 /* BFTaskCompletionSource.m in Sources */ = {isa = PBXBuildFile; fileRef = 7C4C78992919C44600CF5A60 /* BFTaskCompletionSource.m */; };
		7C4C78CA2919C45A00CF5A60 /* BFExecutor.m in Sources */ = {isa = PBXBuildFile; fileRef = 7C4C78972919C44600CF5A60 /* BFExecutor.m */; };
		7C4C78CB2919C45A00CF5A60 /* BFUtils.m in Sources */ = {isa = PBXBuildFile; fileRef = 7C4C789B2919C44600CF5A60 /* BFUtils.m */; };
		7C4C78CC2919C45A00CF5A60 /* BFCancellationTokenRegistration.m in Sources */ = {isa = PBXBuildFile; fileRef = 7C4C78A12919C44600CF5A60 /* BFCancellationTokenRegistration.m */; };
		7C4C78CD2919C45A00CF5A60 /* Bolts.m in Sources */ = {isa = PBXBuildFile; fileRef = 7C4C789E2919C44600CF5A60 /* Bolts.m */; };
		7C4C78CE2919C45A00CF5A60 /* BFCancellationTokenSource.m in Sources */ = {isa = PBXBuildFile; fileRef = 7C4C78A02919C44600CF5A60 /* BFCancellationTokenSource.m */; };
		7C4C78CF2919C45A00CF5A60 /* BFTask.m in Sources */ = {isa = PBXBuildFile; fileRef = 7C4C789A2919C44600CF5A60 /* BFTask.m */; };
		7C4C78D02919C45A00CF5A60 /* BFCancellationToken.m in Sources */ = {isa = PBXBuildFile; fileRef = 7C4C78A52919C44600CF5A60 /* BFCancellationToken.m */; };
		7C4C78D12919C45A00CF5A60 /* BFTaskCompletionSource.m in Sources */ = {isa = PBXBuildFile; fileRef = 7C4C78992919C44600CF5A60 /* BFTaskCompletionSource.m */; };
		7C4C78D22919C45A00CF5A60 /* BFExecutor.m in Sources */ = {isa = PBXBuildFile; fileRef = 7C4C78972919C44600CF5A60 /* BFExecutor.m */; };
		7C4C78D32919C45A00CF5A60 /* BFUtils.m in Sources */ = {isa = PBXBuildFile; fileRef = 7C4C789B2919C44600CF5A60 /* BFUtils.m */; };
		7C4C78D42919C45A00CF5A60 /* BFCancellationTokenRegistration.m in Sources */ = {isa = PBXBuildFile; fileRef = 7C4C78A12919C44600CF5A60 /* BFCancellationTokenRegistration.m */; };
		7C4C78D52919C45A00CF5A60 /* Bolts.m in Sources */ = {isa = PBXBuildFile; fileRef = 7C4C789E2919C44600CF5A60 /* Bolts.m */; };
		7C4C78D62919C45A00CF5A60 /* BFCancellationTokenSource.m in Sources */ = {isa = PBXBuildFile; fileRef = 7C4C78A02919C44600CF5A60 /* BFCancellationTokenSource.m */; };
		7C4C78D72919C45A00CF5A60 /* BFTask.m in Sources */ = {isa = PBXBuildFile; fileRef = 7C4C789A2919C44600CF5A60 /* BFTask.m */; };
		7C4C78D82919C45A00CF5A60 /* BFCancellationToken.m in Sources */ = {isa = PBXBuildFile; fileRef = 7C4C78A52919C44600CF5A60 /* BFCancellationToken.m */; };
		7C4C78D92919C45A00CF5A60 /* BFTaskCompletionSource.m in Sources */ = {isa = PBXBuildFile; fileRef = 7C4C78992919C44600CF5A60 /* BFTaskCompletionSource.m */; };
		7C4C78DA2919C45B00CF5A60 /* BFExecutor.m in Sources */ = {isa = PBXBuildFile; fileRef = 7C4C78972919C44600CF5A60 /* BFExecutor.m */; };
		7C4C78DB2919C45B00CF5A60 /* BFUtils.m in Sources */ = {isa = PBXBuildFile; fileRef = 7C4C789B2919C44600CF5A60 /* BFUtils.m */; };
		7C4C78DC2919C45B00CF5A60 /* BFCancellationTokenRegistration.m in Sources */ = {isa = PBXBuildFile; fileRef = 7C4C78A12919C44600CF5A60 /* BFCancellationTokenRegistration.m */; };
		7C4C78DD2919C45B00CF5A60 /* Bolts.m in Sources */ = {isa = PBXBuildFile; fileRef = 7C4C789E2919C44600CF5A60 /* Bolts.m */; };
		7C4C78DE2919C45B00CF5A60 /* BFCancellationTokenSource.m in Sources */ = {isa = PBXBuildFile; fileRef = 7C4C78A02919C44600CF5A60 /* BFCancellationTokenSource.m */; };
		7C4C78DF2919C45B00CF5A60 /* BFTask.m in Sources */ = {isa = PBXBuildFile; fileRef = 7C4C789A2919C44600CF5A60 /* BFTask.m */; };
		7C4C78E02919C45B00CF5A60 /* BFCancellationToken.m in Sources */ = {isa = PBXBuildFile; fileRef = 7C4C78A52919C44600CF5A60 /* BFCancellationToken.m */; };
		7C4C78E12919C45B00CF5A60 /* BFTaskCompletionSource.m in Sources */ = {isa = PBXBuildFile; fileRef = 7C4C78992919C44600CF5A60 /* BFTaskCompletionSource.m */; };
		7C4C78FC2919C83E00CF5A60 /* BFCancellationTokenSource.h in Headers */ = {isa = PBXBuildFile; fileRef = 7C4C78962919C44600CF5A60 /* BFCancellationTokenSource.h */; settings = {ATTRIBUTES = (Public, ); }; };
		7C4C78FD2919C83E00CF5A60 /* Bolts.h in Headers */ = {isa = PBXBuildFile; fileRef = 7C4C78982919C44600CF5A60 /* Bolts.h */; settings = {ATTRIBUTES = (Public, ); }; };
		7C4C78FE2919C83E00CF5A60 /* BFCancellationTokenRegistration.h in Headers */ = {isa = PBXBuildFile; fileRef = 7C4C789C2919C44600CF5A60 /* BFCancellationTokenRegistration.h */; settings = {ATTRIBUTES = (Public, ); }; };
		7C4C78FF2919C83E00CF5A60 /* BFCancellationToken.h in Headers */ = {isa = PBXBuildFile; fileRef = 7C4C789D2919C44600CF5A60 /* BFCancellationToken.h */; settings = {ATTRIBUTES = (Public, ); }; };
		7C4C79002919C83E00CF5A60 /* BFExecutor.h in Headers */ = {isa = PBXBuildFile; fileRef = 7C4C789F2919C44600CF5A60 /* BFExecutor.h */; settings = {ATTRIBUTES = (Public, ); }; };
		7C4C79012919C83E00CF5A60 /* BFUtils.h in Headers */ = {isa = PBXBuildFile; fileRef = 7C4C78A22919C44600CF5A60 /* BFUtils.h */; settings = {ATTRIBUTES = (Public, ); }; };
		7C4C79022919C83E00CF5A60 /* BFTask.h in Headers */ = {isa = PBXBuildFile; fileRef = 7C4C78A32919C44600CF5A60 /* BFTask.h */; settings = {ATTRIBUTES = (Public, ); }; };
		7C4C79032919C83E00CF5A60 /* BFTaskCompletionSource.h in Headers */ = {isa = PBXBuildFile; fileRef = 7C4C78A42919C44600CF5A60 /* BFTaskCompletionSource.h */; settings = {ATTRIBUTES = (Public, ); }; };
		7C4C79042919C83E00CF5A60 /* BFGeneric.h in Headers */ = {isa = PBXBuildFile; fileRef = 7C4C78A62919C44600CF5A60 /* BFGeneric.h */; settings = {ATTRIBUTES = (Public, ); }; };
		7C60AEC61ACF19F900747DD7 /* CancellationTests.m in Sources */ = {isa = PBXBuildFile; fileRef = 7C60AEC51ACF19F900747DD7 /* CancellationTests.m */; };
		7C60AEC71ACF19FD00747DD7 /* CancellationTests.m in Sources */ = {isa = PBXBuildFile; fileRef = 7C60AEC51ACF19F900747DD7 /* CancellationTests.m */; };
		7CACE638291FD489003359B5 /* WebKit.framework in Frameworks */ = {isa = PBXBuildFile; fileRef = 7CACE636291FD47F003359B5 /* WebKit.framework */; };
		7CACE639291FD4EC003359B5 /* WebKit.framework in Frameworks */ = {isa = PBXBuildFile; fileRef = 7CACE636291FD47F003359B5 /* WebKit.framework */; };
		7CACE64C291FDB99003359B5 /* BFAppLinkNavigation.m in Sources */ = {isa = PBXBuildFile; fileRef = 7CACE643291FDB90003359B5 /* BFAppLinkNavigation.m */; };
		7CACE64D291FDB99003359B5 /* BFWebViewAppLinkResolver.m in Sources */ = {isa = PBXBuildFile; fileRef = 7CACE63E291FDB90003359B5 /* BFWebViewAppLinkResolver.m */; };
		7CACE64E291FDB99003359B5 /* BFAppLinkNavigation.h in Headers */ = {isa = PBXBuildFile; fileRef = 7CACE63C291FDB90003359B5 /* BFAppLinkNavigation.h */; settings = {ATTRIBUTES = (Public, ); }; };
		7CACE64F291FDB99003359B5 /* BFAppLinkReturnToRefererView.m in Sources */ = {isa = PBXBuildFile; fileRef = 7CACE644291FDB90003359B5 /* BFAppLinkReturnToRefererView.m */; };
		7CACE650291FDB99003359B5 /* BFWebViewAppLinkResolver.h in Headers */ = {isa = PBXBuildFile; fileRef = 7CACE645291FDB90003359B5 /* BFWebViewAppLinkResolver.h */; settings = {ATTRIBUTES = (Public, ); }; };
		7CACE651291FDB99003359B5 /* BFURL.h in Headers */ = {isa = PBXBuildFile; fileRef = 7CACE64B291FDB90003359B5 /* BFURL.h */; settings = {ATTRIBUTES = (Public, ); }; };
		7CACE652291FDB99003359B5 /* BFMeasurementEvent.m in Sources */ = {isa = PBXBuildFile; fileRef = 7CACE641291FDB90003359B5 /* BFMeasurementEvent.m */; };
		7CACE653291FDB99003359B5 /* BFAppLinkResolving.h in Headers */ = {isa = PBXBuildFile; fileRef = 7CACE648291FDB90003359B5 /* BFAppLinkResolving.h */; settings = {ATTRIBUTES = (Public, ); }; };
		7CACE654291FDB99003359B5 /* BFMeasurementEvent.h in Headers */ = {isa = PBXBuildFile; fileRef = 7CACE64A291FDB90003359B5 /* BFMeasurementEvent.h */; settings = {ATTRIBUTES = (Public, ); }; };
		7CACE655291FDB99003359B5 /* BFAppLinkTarget.m in Sources */ = {isa = PBXBuildFile; fileRef = 7CACE649291FDB90003359B5 /* BFAppLinkTarget.m */; };
		7CACE656291FDB99003359B5 /* BFAppLinkTarget.h in Headers */ = {isa = PBXBuildFile; fileRef = 7CACE642291FDB90003359B5 /* BFAppLinkTarget.h */; settings = {ATTRIBUTES = (Public, ); }; };
		7CACE657291FDB99003359B5 /* BFAppLinkReturnToRefererView.h in Headers */ = {isa = PBXBuildFile; fileRef = 7CACE63B291FDB90003359B5 /* BFAppLinkReturnToRefererView.h */; settings = {ATTRIBUTES = (Public, ); }; };
		7CACE658291FDB99003359B5 /* BFAppLinkReturnToRefererController.m in Sources */ = {isa = PBXBuildFile; fileRef = 7CACE647291FDB90003359B5 /* BFAppLinkReturnToRefererController.m */; };
		7CACE659291FDB99003359B5 /* BFURL.m in Sources */ = {isa = PBXBuildFile; fileRef = 7CACE640291FDB90003359B5 /* BFURL.m */; };
		7CACE65A291FDB99003359B5 /* BFAppLink.h in Headers */ = {isa = PBXBuildFile; fileRef = 7CACE646291FDB90003359B5 /* BFAppLink.h */; settings = {ATTRIBUTES = (Public, ); }; };
		7CACE65B291FDB99003359B5 /* BFAppLinkReturnToRefererController.h in Headers */ = {isa = PBXBuildFile; fileRef = 7CACE63F291FDB90003359B5 /* BFAppLinkReturnToRefererController.h */; settings = {ATTRIBUTES = (Public, ); }; };
		7CACE65C291FDB99003359B5 /* BFAppLink.m in Sources */ = {isa = PBXBuildFile; fileRef = 7CACE63D291FDB90003359B5 /* BFAppLink.m */; };
		7CACE65D291FDB99003359B5 /* BFAppLinkNavigation.m in Sources */ = {isa = PBXBuildFile; fileRef = 7CACE643291FDB90003359B5 /* BFAppLinkNavigation.m */; };
		7CACE65E291FDB99003359B5 /* BFWebViewAppLinkResolver.m in Sources */ = {isa = PBXBuildFile; fileRef = 7CACE63E291FDB90003359B5 /* BFWebViewAppLinkResolver.m */; };
		7CACE65F291FDB99003359B5 /* BFAppLinkNavigation.h in Headers */ = {isa = PBXBuildFile; fileRef = 7CACE63C291FDB90003359B5 /* BFAppLinkNavigation.h */; settings = {ATTRIBUTES = (Public, ); }; };
		7CACE660291FDB99003359B5 /* BFAppLinkReturnToRefererView.m in Sources */ = {isa = PBXBuildFile; fileRef = 7CACE644291FDB90003359B5 /* BFAppLinkReturnToRefererView.m */; };
		7CACE661291FDB99003359B5 /* BFWebViewAppLinkResolver.h in Headers */ = {isa = PBXBuildFile; fileRef = 7CACE645291FDB90003359B5 /* BFWebViewAppLinkResolver.h */; settings = {ATTRIBUTES = (Public, ); }; };
		7CACE662291FDB99003359B5 /* BFURL.h in Headers */ = {isa = PBXBuildFile; fileRef = 7CACE64B291FDB90003359B5 /* BFURL.h */; settings = {ATTRIBUTES = (Public, ); }; };
		7CACE663291FDB99003359B5 /* BFMeasurementEvent.m in Sources */ = {isa = PBXBuildFile; fileRef = 7CACE641291FDB90003359B5 /* BFMeasurementEvent.m */; };
		7CACE664291FDB99003359B5 /* BFAppLinkResolving.h in Headers */ = {isa = PBXBuildFile; fileRef = 7CACE648291FDB90003359B5 /* BFAppLinkResolving.h */; settings = {ATTRIBUTES = (Public, ); }; };
		7CACE665291FDB99003359B5 /* BFMeasurementEvent.h in Headers */ = {isa = PBXBuildFile; fileRef = 7CACE64A291FDB90003359B5 /* BFMeasurementEvent.h */; settings = {ATTRIBUTES = (Public, ); }; };
		7CACE666291FDB99003359B5 /* BFAppLinkTarget.m in Sources */ = {isa = PBXBuildFile; fileRef = 7CACE649291FDB90003359B5 /* BFAppLinkTarget.m */; };
		7CACE667291FDB99003359B5 /* BFAppLinkTarget.h in Headers */ = {isa = PBXBuildFile; fileRef = 7CACE642291FDB90003359B5 /* BFAppLinkTarget.h */; settings = {ATTRIBUTES = (Public, ); }; };
		7CACE668291FDB99003359B5 /* BFAppLinkReturnToRefererView.h in Headers */ = {isa = PBXBuildFile; fileRef = 7CACE63B291FDB90003359B5 /* BFAppLinkReturnToRefererView.h */; settings = {ATTRIBUTES = (Public, ); }; };
		7CACE669291FDB99003359B5 /* BFAppLinkReturnToRefererController.m in Sources */ = {isa = PBXBuildFile; fileRef = 7CACE647291FDB90003359B5 /* BFAppLinkReturnToRefererController.m */; };
		7CACE66A291FDB99003359B5 /* BFURL.m in Sources */ = {isa = PBXBuildFile; fileRef = 7CACE640291FDB90003359B5 /* BFURL.m */; };
		7CACE66B291FDB99003359B5 /* BFAppLink.h in Headers */ = {isa = PBXBuildFile; fileRef = 7CACE646291FDB90003359B5 /* BFAppLink.h */; settings = {ATTRIBUTES = (Public, ); }; };
		7CACE66C291FDB99003359B5 /* BFAppLinkReturnToRefererController.h in Headers */ = {isa = PBXBuildFile; fileRef = 7CACE63F291FDB90003359B5 /* BFAppLinkReturnToRefererController.h */; settings = {ATTRIBUTES = (Public, ); }; };
		7CACE66D291FDB99003359B5 /* BFAppLink.m in Sources */ = {isa = PBXBuildFile; fileRef = 7CACE63D291FDB90003359B5 /* BFAppLink.m */; };
		7CACE678291FE49D003359B5 /* BFCancellationTokenSource.h in Headers */ = {isa = PBXBuildFile; fileRef = 7C4C78962919C44600CF5A60 /* BFCancellationTokenSource.h */; settings = {ATTRIBUTES = (Public, ); }; };
		7CACE679291FE49D003359B5 /* Bolts.h in Headers */ = {isa = PBXBuildFile; fileRef = 7C4C78982919C44600CF5A60 /* Bolts.h */; settings = {ATTRIBUTES = (Public, ); }; };
		7CACE67A291FE49D003359B5 /* BFCancellationTokenRegistration.h in Headers */ = {isa = PBXBuildFile; fileRef = 7C4C789C2919C44600CF5A60 /* BFCancellationTokenRegistration.h */; settings = {ATTRIBUTES = (Public, ); }; };
		7CACE67B291FE49D003359B5 /* BFCancellationToken.h in Headers */ = {isa = PBXBuildFile; fileRef = 7C4C789D2919C44600CF5A60 /* BFCancellationToken.h */; settings = {ATTRIBUTES = (Public, ); }; };
		7CACE67C291FE49D003359B5 /* BFExecutor.h in Headers */ = {isa = PBXBuildFile; fileRef = 7C4C789F2919C44600CF5A60 /* BFExecutor.h */; settings = {ATTRIBUTES = (Public, ); }; };
		7CACE67D291FE49D003359B5 /* BFUtils.h in Headers */ = {isa = PBXBuildFile; fileRef = 7C4C78A22919C44600CF5A60 /* BFUtils.h */; settings = {ATTRIBUTES = (Public, ); }; };
		7CACE67E291FE49D003359B5 /* BFTask.h in Headers */ = {isa = PBXBuildFile; fileRef = 7C4C78A32919C44600CF5A60 /* BFTask.h */; settings = {ATTRIBUTES = (Public, ); }; };
		7CACE67F291FE49D003359B5 /* BFTaskCompletionSource.h in Headers */ = {isa = PBXBuildFile; fileRef = 7C4C78A42919C44600CF5A60 /* BFTaskCompletionSource.h */; settings = {ATTRIBUTES = (Public, ); }; };
		7CACE680291FE49D003359B5 /* BFGeneric.h in Headers */ = {isa = PBXBuildFile; fileRef = 7C4C78A62919C44600CF5A60 /* BFGeneric.h */; settings = {ATTRIBUTES = (Public, ); }; };
		7CD7E6CB291B2AF700D4F9DB /* BFCancellationTokenSource.h in Headers */ = {isa = PBXBuildFile; fileRef = 7C4C78962919C44600CF5A60 /* BFCancellationTokenSource.h */; settings = {ATTRIBUTES = (Public, ); }; };
		7CD7E6CC291B2AF700D4F9DB /* Bolts.h in Headers */ = {isa = PBXBuildFile; fileRef = 7C4C78982919C44600CF5A60 /* Bolts.h */; settings = {ATTRIBUTES = (Public, ); }; };
		7CD7E6CD291B2AF700D4F9DB /* BFCancellationTokenRegistration.h in Headers */ = {isa = PBXBuildFile; fileRef = 7C4C789C2919C44600CF5A60 /* BFCancellationTokenRegistration.h */; settings = {ATTRIBUTES = (Public, ); }; };
		7CD7E6CE291B2AF700D4F9DB /* BFCancellationToken.h in Headers */ = {isa = PBXBuildFile; fileRef = 7C4C789D2919C44600CF5A60 /* BFCancellationToken.h */; settings = {ATTRIBUTES = (Public, ); }; };
		7CD7E6CF291B2AF700D4F9DB /* BFExecutor.h in Headers */ = {isa = PBXBuildFile; fileRef = 7C4C789F2919C44600CF5A60 /* BFExecutor.h */; settings = {ATTRIBUTES = (Public, ); }; };
		7CD7E6D0291B2AF700D4F9DB /* BFUtils.h in Headers */ = {isa = PBXBuildFile; fileRef = 7C4C78A22919C44600CF5A60 /* BFUtils.h */; settings = {ATTRIBUTES = (Public, ); }; };
		7CD7E6D1291B2AF700D4F9DB /* BFTask.h in Headers */ = {isa = PBXBuildFile; fileRef = 7C4C78A32919C44600CF5A60 /* BFTask.h */; settings = {ATTRIBUTES = (Public, ); }; };
		7CD7E6D2291B2AF700D4F9DB /* BFTaskCompletionSource.h in Headers */ = {isa = PBXBuildFile; fileRef = 7C4C78A42919C44600CF5A60 /* BFTaskCompletionSource.h */; settings = {ATTRIBUTES = (Public, ); }; };
		7CD7E6D3291B2AF700D4F9DB /* BFGeneric.h in Headers */ = {isa = PBXBuildFile; fileRef = 7C4C78A62919C44600CF5A60 /* BFGeneric.h */; settings = {ATTRIBUTES = (Public, ); }; };
		7CD7E6E1291B2B6200D4F9DB /* BFCancellationTokenSource.h in Headers */ = {isa = PBXBuildFile; fileRef = 7C4C78962919C44600CF5A60 /* BFCancellationTokenSource.h */; settings = {ATTRIBUTES = (Public, ); }; };
		7CD7E6E2291B2B6200D4F9DB /* Bolts.h in Headers */ = {isa = PBXBuildFile; fileRef = 7C4C78982919C44600CF5A60 /* Bolts.h */; settings = {ATTRIBUTES = (Public, ); }; };
		7CD7E6E3291B2B6200D4F9DB /* BFCancellationTokenRegistration.h in Headers */ = {isa = PBXBuildFile; fileRef = 7C4C789C2919C44600CF5A60 /* BFCancellationTokenRegistration.h */; settings = {ATTRIBUTES = (Public, ); }; };
		7CD7E6E4291B2B6200D4F9DB /* BFCancellationToken.h in Headers */ = {isa = PBXBuildFile; fileRef = 7C4C789D2919C44600CF5A60 /* BFCancellationToken.h */; settings = {ATTRIBUTES = (Public, ); }; };
		7CD7E6E5291B2B6200D4F9DB /* BFExecutor.h in Headers */ = {isa = PBXBuildFile; fileRef = 7C4C789F2919C44600CF5A60 /* BFExecutor.h */; settings = {ATTRIBUTES = (Public, ); }; };
		7CD7E6E6291B2B6200D4F9DB /* BFUtils.h in Headers */ = {isa = PBXBuildFile; fileRef = 7C4C78A22919C44600CF5A60 /* BFUtils.h */; settings = {ATTRIBUTES = (Public, ); }; };
		7CD7E6E7291B2B6200D4F9DB /* BFTask.h in Headers */ = {isa = PBXBuildFile; fileRef = 7C4C78A32919C44600CF5A60 /* BFTask.h */; settings = {ATTRIBUTES = (Public, ); }; };
		7CD7E6E8291B2B6200D4F9DB /* BFTaskCompletionSource.h in Headers */ = {isa = PBXBuildFile; fileRef = 7C4C78A42919C44600CF5A60 /* BFTaskCompletionSource.h */; settings = {ATTRIBUTES = (Public, ); }; };
		7CD7E6E9291B2B6200D4F9DB /* BFGeneric.h in Headers */ = {isa = PBXBuildFile; fileRef = 7C4C78A62919C44600CF5A60 /* BFGeneric.h */; settings = {ATTRIBUTES = (Public, ); }; };
		7CD7E6EA291B2B6B00D4F9DB /* BFCancellationTokenSource.h in Headers */ = {isa = PBXBuildFile; fileRef = 7C4C78962919C44600CF5A60 /* BFCancellationTokenSource.h */; settings = {ATTRIBUTES = (Public, ); }; };
		7CD7E6EB291B2B6B00D4F9DB /* Bolts.h in Headers */ = {isa = PBXBuildFile; fileRef = 7C4C78982919C44600CF5A60 /* Bolts.h */; settings = {ATTRIBUTES = (Public, ); }; };
		7CD7E6EC291B2B6B00D4F9DB /* BFCancellationTokenRegistration.h in Headers */ = {isa = PBXBuildFile; fileRef = 7C4C789C2919C44600CF5A60 /* BFCancellationTokenRegistration.h */; settings = {ATTRIBUTES = (Public, ); }; };
		7CD7E6ED291B2B6B00D4F9DB /* BFCancellationToken.h in Headers */ = {isa = PBXBuildFile; fileRef = 7C4C789D2919C44600CF5A60 /* BFCancellationToken.h */; settings = {ATTRIBUTES = (Public, ); }; };
		7CD7E6EE291B2B6B00D4F9DB /* BFExecutor.h in Headers */ = {isa = PBXBuildFile; fileRef = 7C4C789F2919C44600CF5A60 /* BFExecutor.h */; settings = {ATTRIBUTES = (Public, ); }; };
		7CD7E6EF291B2B6B00D4F9DB /* BFUtils.h in Headers */ = {isa = PBXBuildFile; fileRef = 7C4C78A22919C44600CF5A60 /* BFUtils.h */; settings = {ATTRIBUTES = (Public, ); }; };
		7CD7E6F0291B2B6B00D4F9DB /* BFTask.h in Headers */ = {isa = PBXBuildFile; fileRef = 7C4C78A32919C44600CF5A60 /* BFTask.h */; settings = {ATTRIBUTES = (Public, ); }; };
		7CD7E6F1291B2B6B00D4F9DB /* BFTaskCompletionSource.h in Headers */ = {isa = PBXBuildFile; fileRef = 7C4C78A42919C44600CF5A60 /* BFTaskCompletionSource.h */; settings = {ATTRIBUTES = (Public, ); }; };
		7CD7E6F2291B2B6B00D4F9DB /* BFGeneric.h in Headers */ = {isa = PBXBuildFile; fileRef = 7C4C78A62919C44600CF5A60 /* BFGeneric.h */; settings = {ATTRIBUTES = (Public, ); }; };
		7CD7E6F3291B2B8000D4F9DB /* BFCancellationTokenSource.h in Headers */ = {isa = PBXBuildFile; fileRef = 7C4C78962919C44600CF5A60 /* BFCancellationTokenSource.h */; settings = {ATTRIBUTES = (Public, ); }; };
		7CD7E6F4291B2B8000D4F9DB /* Bolts.h in Headers */ = {isa = PBXBuildFile; fileRef = 7C4C78982919C44600CF5A60 /* Bolts.h */; settings = {ATTRIBUTES = (Public, ); }; };
		7CD7E6F5291B2B8000D4F9DB /* BFCancellationTokenRegistration.h in Headers */ = {isa = PBXBuildFile; fileRef = 7C4C789C2919C44600CF5A60 /* BFCancellationTokenRegistration.h */; settings = {ATTRIBUTES = (Public, ); }; };
		7CD7E6F6291B2B8000D4F9DB /* BFCancellationToken.h in Headers */ = {isa = PBXBuildFile; fileRef = 7C4C789D2919C44600CF5A60 /* BFCancellationToken.h */; settings = {ATTRIBUTES = (Public, ); }; };
		7CD7E6F7291B2B8000D4F9DB /* BFExecutor.h in Headers */ = {isa = PBXBuildFile; fileRef = 7C4C789F2919C44600CF5A60 /* BFExecutor.h */; settings = {ATTRIBUTES = (Public, ); }; };
		7CD7E6F8291B2B8000D4F9DB /* BFUtils.h in Headers */ = {isa = PBXBuildFile; fileRef = 7C4C78A22919C44600CF5A60 /* BFUtils.h */; settings = {ATTRIBUTES = (Public, ); }; };
		7CD7E6F9291B2B8000D4F9DB /* BFTask.h in Headers */ = {isa = PBXBuildFile; fileRef = 7C4C78A32919C44600CF5A60 /* BFTask.h */; settings = {ATTRIBUTES = (Public, ); }; };
		7CD7E6FA291B2B8000D4F9DB /* BFTaskCompletionSource.h in Headers */ = {isa = PBXBuildFile; fileRef = 7C4C78A42919C44600CF5A60 /* BFTaskCompletionSource.h */; settings = {ATTRIBUTES = (Public, ); }; };
		7CD7E6FB291B2B8000D4F9DB /* BFGeneric.h in Headers */ = {isa = PBXBuildFile; fileRef = 7C4C78A62919C44600CF5A60 /* BFGeneric.h */; settings = {ATTRIBUTES = (Public, ); }; };
		7CD7E6FC291B2B8A00D4F9DB /* BFCancellationTokenSource.h in Headers */ = {isa = PBXBuildFile; fileRef = 7C4C78962919C44600CF5A60 /* BFCancellationTokenSource.h */; settings = {ATTRIBUTES = (Public, ); }; };
		7CD7E6FD291B2B8A00D4F9DB /* Bolts.h in Headers */ = {isa = PBXBuildFile; fileRef = 7C4C78982919C44600CF5A60 /* Bolts.h */; settings = {ATTRIBUTES = (Public, ); }; };
		7CD7E6FE291B2B8A00D4F9DB /* BFCancellationTokenRegistration.h in Headers */ = {isa = PBXBuildFile; fileRef = 7C4C789C2919C44600CF5A60 /* BFCancellationTokenRegistration.h */; settings = {ATTRIBUTES = (Public, ); }; };
		7CD7E6FF291B2B8A00D4F9DB /* BFCancellationToken.h in Headers */ = {isa = PBXBuildFile; fileRef = 7C4C789D2919C44600CF5A60 /* BFCancellationToken.h */; settings = {ATTRIBUTES = (Public, ); }; };
		7CD7E700291B2B8A00D4F9DB /* BFExecutor.h in Headers */ = {isa = PBXBuildFile; fileRef = 7C4C789F2919C44600CF5A60 /* BFExecutor.h */; settings = {ATTRIBUTES = (Public, ); }; };
		7CD7E701291B2B8A00D4F9DB /* BFUtils.h in Headers */ = {isa = PBXBuildFile; fileRef = 7C4C78A22919C44600CF5A60 /* BFUtils.h */; settings = {ATTRIBUTES = (Public, ); }; };
		7CD7E702291B2B8A00D4F9DB /* BFTask.h in Headers */ = {isa = PBXBuildFile; fileRef = 7C4C78A32919C44600CF5A60 /* BFTask.h */; settings = {ATTRIBUTES = (Public, ); }; };
		7CD7E703291B2B8A00D4F9DB /* BFTaskCompletionSource.h in Headers */ = {isa = PBXBuildFile; fileRef = 7C4C78A42919C44600CF5A60 /* BFTaskCompletionSource.h */; settings = {ATTRIBUTES = (Public, ); }; };
		7CD7E704291B2B8A00D4F9DB /* BFGeneric.h in Headers */ = {isa = PBXBuildFile; fileRef = 7C4C78A62919C44600CF5A60 /* BFGeneric.h */; settings = {ATTRIBUTES = (Public, ); }; };
		818ADC6A1BE1A7FB00C8006C /* Bolts.framework in Frameworks */ = {isa = PBXBuildFile; fileRef = F5AFCA021BA752750076E927 /* Bolts.framework */; };
		818ADC6B1BE1A80300C8006C /* Bolts.framework in Frameworks */ = {isa = PBXBuildFile; fileRef = 81ED946E1BE14B5200795F05 /* Bolts.framework */; };
		818ADC6C1BE1A80F00C8006C /* Bolts.framework in Frameworks */ = {isa = PBXBuildFile; fileRef = 81ED94291BE147CF00795F05 /* Bolts.framework */; };
		81CF830A1D0B559800633946 /* BFAppLink_Internal.h in Headers */ = {isa = PBXBuildFile; fileRef = 81CF83061D0B559700633946 /* BFAppLink_Internal.h */; };
		81CF830B1D0B559800633946 /* BFAppLink_Internal.h in Headers */ = {isa = PBXBuildFile; fileRef = 81CF83061D0B559700633946 /* BFAppLink_Internal.h */; };
		81CF830C1D0B559800633946 /* BFAppLinkReturnToRefererView_Internal.h in Headers */ = {isa = PBXBuildFile; fileRef = 81CF83071D0B559700633946 /* BFAppLinkReturnToRefererView_Internal.h */; };
		81CF830D1D0B559800633946 /* BFAppLinkReturnToRefererView_Internal.h in Headers */ = {isa = PBXBuildFile; fileRef = 81CF83071D0B559700633946 /* BFAppLinkReturnToRefererView_Internal.h */; };
		81CF830E1D0B559800633946 /* BFMeasurementEvent_Internal.h in Headers */ = {isa = PBXBuildFile; fileRef = 81CF83081D0B559700633946 /* BFMeasurementEvent_Internal.h */; };
		81CF830F1D0B559800633946 /* BFMeasurementEvent_Internal.h in Headers */ = {isa = PBXBuildFile; fileRef = 81CF83081D0B559700633946 /* BFMeasurementEvent_Internal.h */; };
		81CF83101D0B559800633946 /* BFURL_Internal.h in Headers */ = {isa = PBXBuildFile; fileRef = 81CF83091D0B559700633946 /* BFURL_Internal.h */; };
		81CF83111D0B559800633946 /* BFURL_Internal.h in Headers */ = {isa = PBXBuildFile; fileRef = 81CF83091D0B559700633946 /* BFURL_Internal.h */; };
		81DC1A621B7A7F4000F491DC /* ExecutorTests.m in Sources */ = {isa = PBXBuildFile; fileRef = 81DC1A611B7A7F4000F491DC /* ExecutorTests.m */; };
		81DC1A631B7A7F4000F491DC /* ExecutorTests.m in Sources */ = {isa = PBXBuildFile; fileRef = 81DC1A611B7A7F4000F491DC /* ExecutorTests.m */; };
		85D5138A18E4E45800D19D87 /* AppLinkReturnToRefererViewTests.m in Sources */ = {isa = PBXBuildFile; fileRef = 85D5138918E4E45800D19D87 /* AppLinkReturnToRefererViewTests.m */; };
		8E8C8EFB17F23E5F00E3F1C7 /* TaskTests.m in Sources */ = {isa = PBXBuildFile; fileRef = 8E9C3D1C17DE9F6500427E62 /* TaskTests.m */; };
		8E8C8F2917F241FF00E3F1C7 /* TaskTests.m in Sources */ = {isa = PBXBuildFile; fileRef = 8E9C3D1C17DE9F6500427E62 /* TaskTests.m */; };
		F5AFCA081BA752770076E927 /* ExecutorTests.m in Sources */ = {isa = PBXBuildFile; fileRef = 81DC1A611B7A7F4000F491DC /* ExecutorTests.m */; };
		F5AFCA0A1BA752770076E927 /* TaskTests.m in Sources */ = {isa = PBXBuildFile; fileRef = 8E9C3D1C17DE9F6500427E62 /* TaskTests.m */; };
		F5AFCA0B1BA752770076E927 /* CancellationTests.m in Sources */ = {isa = PBXBuildFile; fileRef = 7C60AEC51ACF19F900747DD7 /* CancellationTests.m */; };
/* End PBXBuildFile section */

/* Begin PBXContainerItemProxy section */
		1E617A8918DA0CA90056A4E2 /* PBXContainerItemProxy */ = {
			isa = PBXContainerItemProxy;
			containerPortal = 8E9C3CE117DE9DE000427E62 /* Project object */;
			proxyType = 1;
			remoteGlobalIDString = 1EC3015F18CDAA8300D06D07;
			remoteInfo = BoltsTestUI;
		};
		818ADC681BE1A7F000C8006C /* PBXContainerItemProxy */ = {
			isa = PBXContainerItemProxy;
			containerPortal = 8E9C3CE117DE9DE000427E62 /* Project object */;
			proxyType = 1;
			remoteGlobalIDString = F5AFC9EA1BA752750076E927;
			remoteInfo = "Bolts-tvOS";
		};
		818ADC6D1BE1A81900C8006C /* PBXContainerItemProxy */ = {
			isa = PBXContainerItemProxy;
			containerPortal = 8E9C3CE117DE9DE000427E62 /* Project object */;
			proxyType = 1;
			remoteGlobalIDString = 81ED94111BE147CF00795F05;
			remoteInfo = "Bolts-iOS";
		};
		8E8C8F2417F241DA00E3F1C7 /* PBXContainerItemProxy */ = {
			isa = PBXContainerItemProxy;
			containerPortal = 8E9C3CE117DE9DE000427E62 /* Project object */;
			proxyType = 1;
			remoteGlobalIDString = 8EDDA62817E17DDC00655F8A;
			remoteInfo = MacBolts;
		};
/* End PBXContainerItemProxy section */

/* Begin PBXFileReference section */
		1D5D7DD31BE3CE8200FD67C7 /* Bolts.framework */ = {isa = PBXFileReference; explicitFileType = wrapper.framework; includeInIndex = 0; path = Bolts.framework; sourceTree = BUILT_PRODUCTS_DIR; };
		1E9BF8DB18EA0CAD00514B1E /* test.html */ = {isa = PBXFileReference; fileEncoding = 4; lastKnownFileType = text.html; path = test.html; sourceTree = "<group>"; };
		1EC3016018CDAA8400D06D07 /* BoltsTestUI.app */ = {isa = PBXFileReference; explicitFileType = wrapper.application; includeInIndex = 0; path = BoltsTestUI.app; sourceTree = BUILT_PRODUCTS_DIR; };
		1EC3016818CDAA8400D06D07 /* BoltsTestUI-Info.plist */ = {isa = PBXFileReference; lastKnownFileType = text.plist.xml; path = "BoltsTestUI-Info.plist"; sourceTree = "<group>"; };
		1EC3016A18CDAA8400D06D07 /* en */ = {isa = PBXFileReference; lastKnownFileType = text.plist.strings; name = en; path = en.lproj/InfoPlist.strings; sourceTree = "<group>"; };
		1EC3016C18CDAA8400D06D07 /* main.m */ = {isa = PBXFileReference; lastKnownFileType = sourcecode.c.objc; path = main.m; sourceTree = "<group>"; };
		1EC3016F18CDAA8400D06D07 /* AppDelegate.h */ = {isa = PBXFileReference; lastKnownFileType = sourcecode.c.h; path = AppDelegate.h; sourceTree = "<group>"; };
		1EC3017018CDAA8400D06D07 /* AppDelegate.m */ = {isa = PBXFileReference; lastKnownFileType = sourcecode.c.objc; path = AppDelegate.m; sourceTree = "<group>"; };
		1EC3017218CDAA8400D06D07 /* Images.xcassets */ = {isa = PBXFileReference; lastKnownFileType = folder.assetcatalog; path = Images.xcassets; sourceTree = "<group>"; };
		1EC3019018CDABCE00D06D07 /* AppLinkTests.m */ = {isa = PBXFileReference; fileEncoding = 4; lastKnownFileType = sourcecode.c.objc; path = AppLinkTests.m; sourceTree = "<group>"; };
		7C4C78962919C44600CF5A60 /* BFCancellationTokenSource.h */ = {isa = PBXFileReference; lastKnownFileType = sourcecode.c.h; path = BFCancellationTokenSource.h; sourceTree = "<group>"; };
		7C4C78972919C44600CF5A60 /* BFExecutor.m */ = {isa = PBXFileReference; lastKnownFileType = sourcecode.c.objc; path = BFExecutor.m; sourceTree = "<group>"; };
		7C4C78982919C44600CF5A60 /* Bolts.h */ = {isa = PBXFileReference; lastKnownFileType = sourcecode.c.h; path = Bolts.h; sourceTree = "<group>"; };
		7C4C78992919C44600CF5A60 /* BFTaskCompletionSource.m */ = {isa = PBXFileReference; lastKnownFileType = sourcecode.c.objc; path = BFTaskCompletionSource.m; sourceTree = "<group>"; };
		7C4C789A2919C44600CF5A60 /* BFTask.m */ = {isa = PBXFileReference; lastKnownFileType = sourcecode.c.objc; path = BFTask.m; sourceTree = "<group>"; };
		7C4C789B2919C44600CF5A60 /* BFUtils.m */ = {isa = PBXFileReference; lastKnownFileType = sourcecode.c.objc; path = BFUtils.m; sourceTree = "<group>"; };
		7C4C789C2919C44600CF5A60 /* BFCancellationTokenRegistration.h */ = {isa = PBXFileReference; lastKnownFileType = sourcecode.c.h; path = BFCancellationTokenRegistration.h; sourceTree = "<group>"; };
		7C4C789D2919C44600CF5A60 /* BFCancellationToken.h */ = {isa = PBXFileReference; lastKnownFileType = sourcecode.c.h; path = BFCancellationToken.h; sourceTree = "<group>"; };
		7C4C789E2919C44600CF5A60 /* Bolts.m */ = {isa = PBXFileReference; lastKnownFileType = sourcecode.c.objc; path = Bolts.m; sourceTree = "<group>"; };
		7C4C789F2919C44600CF5A60 /* BFExecutor.h */ = {isa = PBXFileReference; lastKnownFileType = sourcecode.c.h; path = BFExecutor.h; sourceTree = "<group>"; };
		7C4C78A02919C44600CF5A60 /* BFCancellationTokenSource.m */ = {isa = PBXFileReference; lastKnownFileType = sourcecode.c.objc; path = BFCancellationTokenSource.m; sourceTree = "<group>"; };
		7C4C78A12919C44600CF5A60 /* BFCancellationTokenRegistration.m */ = {isa = PBXFileReference; lastKnownFileType = sourcecode.c.objc; path = BFCancellationTokenRegistration.m; sourceTree = "<group>"; };
		7C4C78A22919C44600CF5A60 /* BFUtils.h */ = {isa = PBXFileReference; lastKnownFileType = sourcecode.c.h; path = BFUtils.h; sourceTree = "<group>"; };
		7C4C78A32919C44600CF5A60 /* BFTask.h */ = {isa = PBXFileReference; lastKnownFileType = sourcecode.c.h; path = BFTask.h; sourceTree = "<group>"; };
		7C4C78A42919C44600CF5A60 /* BFTaskCompletionSource.h */ = {isa = PBXFileReference; lastKnownFileType = sourcecode.c.h; path = BFTaskCompletionSource.h; sourceTree = "<group>"; };
		7C4C78A52919C44600CF5A60 /* BFCancellationToken.m */ = {isa = PBXFileReference; lastKnownFileType = sourcecode.c.objc; path = BFCancellationToken.m; sourceTree = "<group>"; };
		7C4C78A62919C44600CF5A60 /* BFGeneric.h */ = {isa = PBXFileReference; lastKnownFileType = sourcecode.c.h; path = BFGeneric.h; sourceTree = "<group>"; };
		7C4C78A92919C44600CF5A60 /* en */ = {isa = PBXFileReference; lastKnownFileType = text.plist.strings; name = en; path = en.lproj/Localizable.strings; sourceTree = "<group>"; };
		7C4C78EB2919C4EA00CF5A60 /* iOS.modulemap */ = {isa = PBXFileReference; lastKnownFileType = "sourcecode.module-map"; path = iOS.modulemap; sourceTree = "<group>"; };
		7C4C78EC2919C4EA00CF5A60 /* Info.plist */ = {isa = PBXFileReference; lastKnownFileType = text.plist.xml; path = Info.plist; sourceTree = "<group>"; };
		7C60AEC51ACF19F900747DD7 /* CancellationTests.m */ = {isa = PBXFileReference; fileEncoding = 4; lastKnownFileType = sourcecode.c.objc; path = CancellationTests.m; sourceTree = "<group>"; };
		7CACE636291FD47F003359B5 /* WebKit.framework */ = {isa = PBXFileReference; lastKnownFileType = wrapper.framework; name = WebKit.framework; path = System/iOSSupport/System/Library/PrivateFrameworks/WebKit.framework; sourceTree = SDKROOT; };
		7CACE63B291FDB90003359B5 /* BFAppLinkReturnToRefererView.h */ = {isa = PBXFileReference; lastKnownFileType = sourcecode.c.h; path = BFAppLinkReturnToRefererView.h; sourceTree = "<group>"; };
		7CACE63C291FDB90003359B5 /* BFAppLinkNavigation.h */ = {isa = PBXFileReference; lastKnownFileType = sourcecode.c.h; path = BFAppLinkNavigation.h; sourceTree = "<group>"; };
		7CACE63D291FDB90003359B5 /* BFAppLink.m */ = {isa = PBXFileReference; lastKnownFileType = sourcecode.c.objc; path = BFAppLink.m; sourceTree = "<group>"; };
		7CACE63E291FDB90003359B5 /* BFWebViewAppLinkResolver.m */ = {isa = PBXFileReference; lastKnownFileType = sourcecode.c.objc; path = BFWebViewAppLinkResolver.m; sourceTree = "<group>"; };
		7CACE63F291FDB90003359B5 /* BFAppLinkReturnToRefererController.h */ = {isa = PBXFileReference; lastKnownFileType = sourcecode.c.h; path = BFAppLinkReturnToRefererController.h; sourceTree = "<group>"; };
		7CACE640291FDB90003359B5 /* BFURL.m */ = {isa = PBXFileReference; lastKnownFileType = sourcecode.c.objc; path = BFURL.m; sourceTree = "<group>"; };
		7CACE641291FDB90003359B5 /* BFMeasurementEvent.m */ = {isa = PBXFileReference; lastKnownFileType = sourcecode.c.objc; path = BFMeasurementEvent.m; sourceTree = "<group>"; };
		7CACE642291FDB90003359B5 /* BFAppLinkTarget.h */ = {isa = PBXFileReference; lastKnownFileType = sourcecode.c.h; path = BFAppLinkTarget.h; sourceTree = "<group>"; };
		7CACE643291FDB90003359B5 /* BFAppLinkNavigation.m */ = {isa = PBXFileReference; lastKnownFileType = sourcecode.c.objc; path = BFAppLinkNavigation.m; sourceTree = "<group>"; };
		7CACE644291FDB90003359B5 /* BFAppLinkReturnToRefererView.m */ = {isa = PBXFileReference; lastKnownFileType = sourcecode.c.objc; path = BFAppLinkReturnToRefererView.m; sourceTree = "<group>"; };
		7CACE645291FDB90003359B5 /* BFWebViewAppLinkResolver.h */ = {isa = PBXFileReference; lastKnownFileType = sourcecode.c.h; path = BFWebViewAppLinkResolver.h; sourceTree = "<group>"; };
		7CACE646291FDB90003359B5 /* BFAppLink.h */ = {isa = PBXFileReference; lastKnownFileType = sourcecode.c.h; path = BFAppLink.h; sourceTree = "<group>"; };
		7CACE647291FDB90003359B5 /* BFAppLinkReturnToRefererController.m */ = {isa = PBXFileReference; lastKnownFileType = sourcecode.c.objc; path = BFAppLinkReturnToRefererController.m; sourceTree = "<group>"; };
		7CACE648291FDB90003359B5 /* BFAppLinkResolving.h */ = {isa = PBXFileReference; lastKnownFileType = sourcecode.c.h; path = BFAppLinkResolving.h; sourceTree = "<group>"; };
		7CACE649291FDB90003359B5 /* BFAppLinkTarget.m */ = {isa = PBXFileReference; lastKnownFileType = sourcecode.c.objc; path = BFAppLinkTarget.m; sourceTree = "<group>"; };
		7CACE64A291FDB90003359B5 /* BFMeasurementEvent.h */ = {isa = PBXFileReference; lastKnownFileType = sourcecode.c.h; path = BFMeasurementEvent.h; sourceTree = "<group>"; };
		7CACE64B291FDB90003359B5 /* BFURL.h */ = {isa = PBXFileReference; lastKnownFileType = sourcecode.c.h; path = BFURL.h; sourceTree = "<group>"; };
		8178F99C1BB0F87700AD289D /* Bolts.framework */ = {isa = PBXFileReference; explicitFileType = wrapper.framework; includeInIndex = 0; path = Bolts.framework; sourceTree = BUILT_PRODUCTS_DIR; };
		819573F11C2B8ECB00BFCA39 /* Bolts.framework */ = {isa = PBXFileReference; explicitFileType = wrapper.framework; includeInIndex = 0; path = Bolts.framework; sourceTree = BUILT_PRODUCTS_DIR; };
		81AB8BB11D36D7BD00066F63 /* Version.xcconfig */ = {isa = PBXFileReference; lastKnownFileType = text.xcconfig; path = Version.xcconfig; sourceTree = "<group>"; };
		81CF83061D0B559700633946 /* BFAppLink_Internal.h */ = {isa = PBXFileReference; fileEncoding = 4; lastKnownFileType = sourcecode.c.h; path = BFAppLink_Internal.h; sourceTree = "<group>"; };
		81CF83071D0B559700633946 /* BFAppLinkReturnToRefererView_Internal.h */ = {isa = PBXFileReference; fileEncoding = 4; lastKnownFileType = sourcecode.c.h; path = BFAppLinkReturnToRefererView_Internal.h; sourceTree = "<group>"; };
		81CF83081D0B559700633946 /* BFMeasurementEvent_Internal.h */ = {isa = PBXFileReference; fileEncoding = 4; lastKnownFileType = sourcecode.c.h; path = BFMeasurementEvent_Internal.h; sourceTree = "<group>"; };
		81CF83091D0B559700633946 /* BFURL_Internal.h */ = {isa = PBXFileReference; fileEncoding = 4; lastKnownFileType = sourcecode.c.h; path = BFURL_Internal.h; sourceTree = "<group>"; };
		81D646E31D2CA0E000690609 /* Bolts-iOS-Dynamic.xcconfig */ = {isa = PBXFileReference; lastKnownFileType = text.xcconfig; path = "Bolts-iOS-Dynamic.xcconfig"; sourceTree = "<group>"; };
		81D646E41D2CA0E000690609 /* Bolts-iOS.xcconfig */ = {isa = PBXFileReference; lastKnownFileType = text.xcconfig; path = "Bolts-iOS.xcconfig"; sourceTree = "<group>"; };
		81D646E51D2CA0E000690609 /* Bolts-macOS.xcconfig */ = {isa = PBXFileReference; lastKnownFileType = text.xcconfig; path = "Bolts-macOS.xcconfig"; sourceTree = "<group>"; };
		81D646E61D2CA0E000690609 /* Bolts-tvOS-Dynamic.xcconfig */ = {isa = PBXFileReference; lastKnownFileType = text.xcconfig; path = "Bolts-tvOS-Dynamic.xcconfig"; sourceTree = "<group>"; };
		81D646E71D2CA0E000690609 /* Bolts-tvOS.xcconfig */ = {isa = PBXFileReference; lastKnownFileType = text.xcconfig; path = "Bolts-tvOS.xcconfig"; sourceTree = "<group>"; };
		81D646E81D2CA0E000690609 /* Bolts-watchOS-Dynamic.xcconfig */ = {isa = PBXFileReference; lastKnownFileType = text.xcconfig; path = "Bolts-watchOS-Dynamic.xcconfig"; sourceTree = "<group>"; };
		81D646E91D2CA0E000690609 /* Bolts-watchOS.xcconfig */ = {isa = PBXFileReference; lastKnownFileType = text.xcconfig; path = "Bolts-watchOS.xcconfig"; sourceTree = "<group>"; };
		81D646EA1D2CA0E000690609 /* BoltsTests-iOS.xcconfig */ = {isa = PBXFileReference; lastKnownFileType = text.xcconfig; path = "BoltsTests-iOS.xcconfig"; sourceTree = "<group>"; };
		81D646EB1D2CA0E000690609 /* BoltsTests-OSX.xcconfig */ = {isa = PBXFileReference; lastKnownFileType = text.xcconfig; path = "BoltsTests-OSX.xcconfig"; sourceTree = "<group>"; };
		81D646EC1D2CA0E000690609 /* BoltsTests-tvOS.xcconfig */ = {isa = PBXFileReference; lastKnownFileType = text.xcconfig; path = "BoltsTests-tvOS.xcconfig"; sourceTree = "<group>"; };
		81D646EE1D2CA0E000690609 /* Common.xcconfig */ = {isa = PBXFileReference; lastKnownFileType = text.xcconfig; path = Common.xcconfig; sourceTree = "<group>"; };
		81D646F01D2CA0E000690609 /* iOS.xcconfig */ = {isa = PBXFileReference; lastKnownFileType = text.xcconfig; path = iOS.xcconfig; sourceTree = "<group>"; };
		81D646F21D2CA0E000690609 /* tvOS.xcconfig */ = {isa = PBXFileReference; lastKnownFileType = text.xcconfig; path = tvOS.xcconfig; sourceTree = "<group>"; };
		81D646F31D2CA0E000690609 /* watchOS.xcconfig */ = {isa = PBXFileReference; lastKnownFileType = text.xcconfig; path = watchOS.xcconfig; sourceTree = "<group>"; };
		81D646F51D2CA0E000690609 /* Application.xcconfig */ = {isa = PBXFileReference; lastKnownFileType = text.xcconfig; path = Application.xcconfig; sourceTree = "<group>"; };
		81D646F61D2CA0E000690609 /* DynamicFramework.xcconfig */ = {isa = PBXFileReference; lastKnownFileType = text.xcconfig; path = DynamicFramework.xcconfig; sourceTree = "<group>"; };
		81D646F71D2CA0E000690609 /* LogicTests.xcconfig */ = {isa = PBXFileReference; lastKnownFileType = text.xcconfig; path = LogicTests.xcconfig; sourceTree = "<group>"; };
		81D646F81D2CA0E000690609 /* StaticFramework.xcconfig */ = {isa = PBXFileReference; lastKnownFileType = text.xcconfig; path = StaticFramework.xcconfig; sourceTree = "<group>"; };
		81D646FA1D2CA0E000690609 /* Debug.xcconfig */ = {isa = PBXFileReference; lastKnownFileType = text.xcconfig; path = Debug.xcconfig; sourceTree = "<group>"; };
		81D646FB1D2CA0E000690609 /* Release.xcconfig */ = {isa = PBXFileReference; lastKnownFileType = text.xcconfig; path = Release.xcconfig; sourceTree = "<group>"; };
		81D646FC1D2CA0E000690609 /* Warnings.xcconfig */ = {isa = PBXFileReference; lastKnownFileType = text.xcconfig; path = Warnings.xcconfig; sourceTree = "<group>"; };
		81D6472A1D2CA2C600690609 /* macOS.xcconfig */ = {isa = PBXFileReference; lastKnownFileType = text.xcconfig; name = macOS.xcconfig; path = Vendor/xctoolchain/Configurations/Platform/macOS.xcconfig; sourceTree = SOURCE_ROOT; };
		81DC1A611B7A7F4000F491DC /* ExecutorTests.m */ = {isa = PBXFileReference; fileEncoding = 4; lastKnownFileType = sourcecode.c.objc; path = ExecutorTests.m; sourceTree = "<group>"; };
		81E94D6A1C2B8BF200A6291E /* Bolts.framework */ = {isa = PBXFileReference; explicitFileType = wrapper.framework; includeInIndex = 0; path = Bolts.framework; sourceTree = BUILT_PRODUCTS_DIR; };
		81ED94291BE147CF00795F05 /* Bolts.framework */ = {isa = PBXFileReference; explicitFileType = wrapper.framework; includeInIndex = 0; path = Bolts.framework; sourceTree = BUILT_PRODUCTS_DIR; };
		81ED946E1BE14B5200795F05 /* Bolts.framework */ = {isa = PBXFileReference; explicitFileType = wrapper.framework; includeInIndex = 0; path = Bolts.framework; sourceTree = BUILT_PRODUCTS_DIR; };
		85D5138918E4E45800D19D87 /* AppLinkReturnToRefererViewTests.m */ = {isa = PBXFileReference; fileEncoding = 4; lastKnownFileType = sourcecode.c.objc; path = AppLinkReturnToRefererViewTests.m; sourceTree = "<group>"; };
		8E8C8ED917F23C3B00E3F1C7 /* BoltsTests-Info.plist */ = {isa = PBXFileReference; lastKnownFileType = text.plist.xml; path = "BoltsTests-Info.plist"; sourceTree = "<group>"; };
		8E8C8EDB17F23C3B00E3F1C7 /* en */ = {isa = PBXFileReference; lastKnownFileType = text.plist.strings; name = en; path = en.lproj/InfoPlist.strings; sourceTree = "<group>"; };
		8E8C8EE917F23D1D00E3F1C7 /* BoltsTests-iOS.xctest */ = {isa = PBXFileReference; explicitFileType = wrapper.cfbundle; includeInIndex = 0; path = "BoltsTests-iOS.xctest"; sourceTree = BUILT_PRODUCTS_DIR; };
		8E8C8F1917F241DA00E3F1C7 /* BoltsTests-OSX.xctest */ = {isa = PBXFileReference; explicitFileType = wrapper.cfbundle; includeInIndex = 0; path = "BoltsTests-OSX.xctest"; sourceTree = BUILT_PRODUCTS_DIR; };
		8E9C3CE917DE9DE000427E62 /* libBolts.a */ = {isa = PBXFileReference; explicitFileType = archive.ar; includeInIndex = 0; path = libBolts.a; sourceTree = BUILT_PRODUCTS_DIR; };
		8E9C3D1C17DE9F6500427E62 /* TaskTests.m */ = {isa = PBXFileReference; fileEncoding = 4; lastKnownFileType = sourcecode.c.objc; path = TaskTests.m; sourceTree = "<group>"; };
		F5AFCA021BA752750076E927 /* Bolts.framework */ = {isa = PBXFileReference; explicitFileType = wrapper.framework; includeInIndex = 0; path = Bolts.framework; sourceTree = BUILT_PRODUCTS_DIR; };
		F5AFCA131BA752770076E927 /* BoltsTests-tvOS.xctest */ = {isa = PBXFileReference; explicitFileType = wrapper.cfbundle; includeInIndex = 0; path = "BoltsTests-tvOS.xctest"; sourceTree = BUILT_PRODUCTS_DIR; };
/* End PBXFileReference section */

/* Begin PBXFrameworksBuildPhase section */
		1D5D7DB71BE3CE8200FD67C7 /* Frameworks */ = {
			isa = PBXFrameworksBuildPhase;
			buildActionMask = 2147483647;
			files = (
				7CACE638291FD489003359B5 /* WebKit.framework in Frameworks */,
			);
			runOnlyForDeploymentPostprocessing = 0;
		};
		1EC3015D18CDAA8300D06D07 /* Frameworks */ = {
			isa = PBXFrameworksBuildPhase;
			buildActionMask = 2147483647;
			files = (
			);
			runOnlyForDeploymentPostprocessing = 0;
		};
		8178F98D1BB0F87700AD289D /* Frameworks */ = {
			isa = PBXFrameworksBuildPhase;
			buildActionMask = 2147483647;
			files = (
			);
			runOnlyForDeploymentPostprocessing = 0;
		};
		819573E21C2B8ECB00BFCA39 /* Frameworks */ = {
			isa = PBXFrameworksBuildPhase;
			buildActionMask = 2147483647;
			files = (
			);
			runOnlyForDeploymentPostprocessing = 0;
		};
		81E94D5B1C2B8BF200A6291E /* Frameworks */ = {
			isa = PBXFrameworksBuildPhase;
			buildActionMask = 2147483647;
			files = (
			);
			runOnlyForDeploymentPostprocessing = 0;
		};
		81ED941A1BE147CF00795F05 /* Frameworks */ = {
			isa = PBXFrameworksBuildPhase;
			buildActionMask = 2147483647;
			files = (
			);
			runOnlyForDeploymentPostprocessing = 0;
		};
		8E8C8EE617F23D1D00E3F1C7 /* Frameworks */ = {
			isa = PBXFrameworksBuildPhase;
			buildActionMask = 2147483647;
			files = (
				7CACE639291FD4EC003359B5 /* WebKit.framework in Frameworks */,
				818ADC6C1BE1A80F00C8006C /* Bolts.framework in Frameworks */,
			);
			runOnlyForDeploymentPostprocessing = 0;
		};
		8E8C8F1617F241DA00E3F1C7 /* Frameworks */ = {
			isa = PBXFrameworksBuildPhase;
			buildActionMask = 2147483647;
			files = (
				818ADC6B1BE1A80300C8006C /* Bolts.framework in Frameworks */,
			);
			runOnlyForDeploymentPostprocessing = 0;
		};
		8EDDA62F17E17DDC00655F8A /* Frameworks */ = {
			isa = PBXFrameworksBuildPhase;
			buildActionMask = 2147483647;
			files = (
			);
			runOnlyForDeploymentPostprocessing = 0;
		};
		F5AFC9F31BA752750076E927 /* Frameworks */ = {
			isa = PBXFrameworksBuildPhase;
			buildActionMask = 2147483647;
			files = (
			);
			runOnlyForDeploymentPostprocessing = 0;
		};
		F5AFCA0C1BA752770076E927 /* Frameworks */ = {
			isa = PBXFrameworksBuildPhase;
			buildActionMask = 2147483647;
			files = (
				818ADC6A1BE1A7FB00C8006C /* Bolts.framework in Frameworks */,
			);
			runOnlyForDeploymentPostprocessing = 0;
		};
/* End PBXFrameworksBuildPhase section */

/* Begin PBXGroup section */
		1EC3016618CDAA8400D06D07 /* BoltsTestUI */ = {
			isa = PBXGroup;
			children = (
				1EC3016F18CDAA8400D06D07 /* AppDelegate.h */,
				1EC3017018CDAA8400D06D07 /* AppDelegate.m */,
				1EC3017218CDAA8400D06D07 /* Images.xcassets */,
				1EC3016718CDAA8400D06D07 /* Supporting Files */,
			);
			path = BoltsTestUI;
			sourceTree = "<group>";
		};
		1EC3016718CDAA8400D06D07 /* Supporting Files */ = {
			isa = PBXGroup;
			children = (
				1EC3016818CDAA8400D06D07 /* BoltsTestUI-Info.plist */,
				1EC3016918CDAA8400D06D07 /* InfoPlist.strings */,
				1EC3016C18CDAA8400D06D07 /* main.m */,
				1E9BF8DB18EA0CAD00514B1E /* test.html */,
			);
			name = "Supporting Files";
			sourceTree = "<group>";
		};
		7C4C78942919C44600CF5A60 /* Bolts */ = {
			isa = PBXGroup;
			children = (
				7C4C78952919C44600CF5A60 /* Source */,
				7C4C78A72919C44600CF5A60 /* Resources */,
			);
			path = Bolts;
			sourceTree = "<group>";
		};
		7C4C78952919C44600CF5A60 /* Source */ = {
			isa = PBXGroup;
			children = (
				7C4C78962919C44600CF5A60 /* BFCancellationTokenSource.h */,
				7C4C78972919C44600CF5A60 /* BFExecutor.m */,
				7C4C78982919C44600CF5A60 /* Bolts.h */,
				7C4C78992919C44600CF5A60 /* BFTaskCompletionSource.m */,
				7C4C789A2919C44600CF5A60 /* BFTask.m */,
				7C4C789B2919C44600CF5A60 /* BFUtils.m */,
				7C4C789C2919C44600CF5A60 /* BFCancellationTokenRegistration.h */,
				7C4C789D2919C44600CF5A60 /* BFCancellationToken.h */,
				7C4C789E2919C44600CF5A60 /* Bolts.m */,
				7C4C789F2919C44600CF5A60 /* BFExecutor.h */,
				7C4C78A02919C44600CF5A60 /* BFCancellationTokenSource.m */,
				7C4C78A12919C44600CF5A60 /* BFCancellationTokenRegistration.m */,
				7C4C78A22919C44600CF5A60 /* BFUtils.h */,
				7C4C78A32919C44600CF5A60 /* BFTask.h */,
				7C4C78A42919C44600CF5A60 /* BFTaskCompletionSource.h */,
				7C4C78A52919C44600CF5A60 /* BFCancellationToken.m */,
				7C4C78A62919C44600CF5A60 /* BFGeneric.h */,
			);
			path = Source;
			sourceTree = "<group>";
		};
		7C4C78A72919C44600CF5A60 /* Resources */ = {
			isa = PBXGroup;
			children = (
				7C4C78A82919C44600CF5A60 /* Localizable.strings */,
			);
			path = Resources;
			sourceTree = "<group>";
		};
		7C4C78EA2919C4EA00CF5A60 /* Resources */ = {
			isa = PBXGroup;
			children = (
				7C4C78EB2919C4EA00CF5A60 /* iOS.modulemap */,
				7C4C78EC2919C4EA00CF5A60 /* Info.plist */,
			);
			path = Resources;
			sourceTree = "<group>";
		};
		7CACE635291FD47F003359B5 /* Frameworks */ = {
			isa = PBXGroup;
			children = (
				7CACE636291FD47F003359B5 /* WebKit.framework */,
			);
			name = Frameworks;
			sourceTree = "<group>";
		};
		7CACE63A291FDB90003359B5 /* Source */ = {
			isa = PBXGroup;
			children = (
				7CACE63B291FDB90003359B5 /* BFAppLinkReturnToRefererView.h */,
				7CACE63C291FDB90003359B5 /* BFAppLinkNavigation.h */,
				7CACE63D291FDB90003359B5 /* BFAppLink.m */,
				7CACE63E291FDB90003359B5 /* BFWebViewAppLinkResolver.m */,
				7CACE63F291FDB90003359B5 /* BFAppLinkReturnToRefererController.h */,
				7CACE640291FDB90003359B5 /* BFURL.m */,
				7CACE641291FDB90003359B5 /* BFMeasurementEvent.m */,
				7CACE642291FDB90003359B5 /* BFAppLinkTarget.h */,
				7CACE643291FDB90003359B5 /* BFAppLinkNavigation.m */,
				7CACE644291FDB90003359B5 /* BFAppLinkReturnToRefererView.m */,
				7CACE645291FDB90003359B5 /* BFWebViewAppLinkResolver.h */,
				7CACE646291FDB90003359B5 /* BFAppLink.h */,
				7CACE647291FDB90003359B5 /* BFAppLinkReturnToRefererController.m */,
				7CACE648291FDB90003359B5 /* BFAppLinkResolving.h */,
				7CACE649291FDB90003359B5 /* BFAppLinkTarget.m */,
				7CACE64A291FDB90003359B5 /* BFMeasurementEvent.h */,
				7CACE64B291FDB90003359B5 /* BFURL.h */,
			);
			path = Source;
			sourceTree = "<group>";
		};
		8103FA5719900A84000BAE3F /* iOS */ = {
			isa = PBXGroup;
			children = (
				7CACE63A291FDB90003359B5 /* Source */,
				81CF83051D0B559700633946 /* Internal */,
			);
			path = iOS;
			sourceTree = "<group>";
		};
		81CF83051D0B559700633946 /* Internal */ = {
			isa = PBXGroup;
			children = (
				81CF83061D0B559700633946 /* BFAppLink_Internal.h */,
				81CF83071D0B559700633946 /* BFAppLinkReturnToRefererView_Internal.h */,
				81CF83081D0B559700633946 /* BFMeasurementEvent_Internal.h */,
				81CF83091D0B559700633946 /* BFURL_Internal.h */,
			);
			path = Internal;
			sourceTree = "<group>";
		};
		81D646E21D2CA0E000690609 /* Configurations */ = {
			isa = PBXGroup;
			children = (
				81D646E41D2CA0E000690609 /* Bolts-iOS.xcconfig */,
				81D646E31D2CA0E000690609 /* Bolts-iOS-Dynamic.xcconfig */,
				81D646E51D2CA0E000690609 /* Bolts-macOS.xcconfig */,
				81D646E71D2CA0E000690609 /* Bolts-tvOS.xcconfig */,
				81D646E61D2CA0E000690609 /* Bolts-tvOS-Dynamic.xcconfig */,
				81D646E91D2CA0E000690609 /* Bolts-watchOS.xcconfig */,
				81D646E81D2CA0E000690609 /* Bolts-watchOS-Dynamic.xcconfig */,
				81D646EA1D2CA0E000690609 /* BoltsTests-iOS.xcconfig */,
				81D646EB1D2CA0E000690609 /* BoltsTests-OSX.xcconfig */,
				81D646EC1D2CA0E000690609 /* BoltsTests-tvOS.xcconfig */,
				81AB8BB11D36D7BD00066F63 /* Version.xcconfig */,
				81D646ED1D2CA0E000690609 /* Shared */,
			);
			path = Configurations;
			sourceTree = "<group>";
		};
		81D646ED1D2CA0E000690609 /* Shared */ = {
			isa = PBXGroup;
			children = (
				81D646EE1D2CA0E000690609 /* Common.xcconfig */,
				81D646EF1D2CA0E000690609 /* Platform */,
				81D646F41D2CA0E000690609 /* Product */,
				81D646F91D2CA0E000690609 /* Project */,
				81D646FC1D2CA0E000690609 /* Warnings.xcconfig */,
			);
			path = Shared;
			sourceTree = "<group>";
		};
		81D646EF1D2CA0E000690609 /* Platform */ = {
			isa = PBXGroup;
			children = (
				81D646F01D2CA0E000690609 /* iOS.xcconfig */,
				81D6472A1D2CA2C600690609 /* macOS.xcconfig */,
				81D646F21D2CA0E000690609 /* tvOS.xcconfig */,
				81D646F31D2CA0E000690609 /* watchOS.xcconfig */,
			);
			path = Platform;
			sourceTree = "<group>";
		};
		81D646F41D2CA0E000690609 /* Product */ = {
			isa = PBXGroup;
			children = (
				81D646F51D2CA0E000690609 /* Application.xcconfig */,
				81D646F61D2CA0E000690609 /* DynamicFramework.xcconfig */,
				81D646F71D2CA0E000690609 /* LogicTests.xcconfig */,
				81D646F81D2CA0E000690609 /* StaticFramework.xcconfig */,
			);
			path = Product;
			sourceTree = "<group>";
		};
		81D646F91D2CA0E000690609 /* Project */ = {
			isa = PBXGroup;
			children = (
				81D646FA1D2CA0E000690609 /* Debug.xcconfig */,
				81D646FB1D2CA0E000690609 /* Release.xcconfig */,
			);
			path = Project;
			sourceTree = "<group>";
		};
		8E8C8ED717F23C3B00E3F1C7 /* BoltsTests */ = {
			isa = PBXGroup;
			children = (
				85D5138918E4E45800D19D87 /* AppLinkReturnToRefererViewTests.m */,
				1EC3019018CDABCE00D06D07 /* AppLinkTests.m */,
				7C60AEC51ACF19F900747DD7 /* CancellationTests.m */,
				81DC1A611B7A7F4000F491DC /* ExecutorTests.m */,
				8E9C3D1C17DE9F6500427E62 /* TaskTests.m */,
				8E8C8ED817F23C3B00E3F1C7 /* Supporting Files */,
			);
			path = BoltsTests;
			sourceTree = "<group>";
		};
		8E8C8ED817F23C3B00E3F1C7 /* Supporting Files */ = {
			isa = PBXGroup;
			children = (
				8E8C8ED917F23C3B00E3F1C7 /* BoltsTests-Info.plist */,
				8E8C8EDA17F23C3B00E3F1C7 /* InfoPlist.strings */,
			);
			name = "Supporting Files";
			sourceTree = "<group>";
		};
		8E9C3CE017DE9DE000427E62 = {
			isa = PBXGroup;
			children = (
				81D646E21D2CA0E000690609 /* Configurations */,
				8E9C3CEE17DE9DE000427E62 /* Bolts */,
				8E8C8ED717F23C3B00E3F1C7 /* BoltsTests */,
				1EC3016618CDAA8400D06D07 /* BoltsTestUI */,
				8E9C3CEA17DE9DE000427E62 /* Products */,
				7CACE635291FD47F003359B5 /* Frameworks */,
			);
			indentWidth = 4;
			sourceTree = "<group>";
			tabWidth = 4;
		};
		8E9C3CEA17DE9DE000427E62 /* Products */ = {
			isa = PBXGroup;
			children = (
				8E9C3CE917DE9DE000427E62 /* libBolts.a */,
				8E8C8EE917F23D1D00E3F1C7 /* BoltsTests-iOS.xctest */,
				8E8C8F1917F241DA00E3F1C7 /* BoltsTests-OSX.xctest */,
				1EC3016018CDAA8400D06D07 /* BoltsTestUI.app */,
				F5AFCA021BA752750076E927 /* Bolts.framework */,
				F5AFCA131BA752770076E927 /* BoltsTests-tvOS.xctest */,
				8178F99C1BB0F87700AD289D /* Bolts.framework */,
				81ED94291BE147CF00795F05 /* Bolts.framework */,
				81ED946E1BE14B5200795F05 /* Bolts.framework */,
				1D5D7DD31BE3CE8200FD67C7 /* Bolts.framework */,
				81E94D6A1C2B8BF200A6291E /* Bolts.framework */,
				819573F11C2B8ECB00BFCA39 /* Bolts.framework */,
			);
			name = Products;
			sourceTree = "<group>";
		};
		8E9C3CEE17DE9DE000427E62 /* Bolts */ = {
			isa = PBXGroup;
			children = (
				7C4C78942919C44600CF5A60 /* Bolts */,
				8103FA5719900A84000BAE3F /* iOS */,
				7C4C78EA2919C4EA00CF5A60 /* Resources */,
			);
			path = Bolts;
			sourceTree = "<group>";
		};
/* End PBXGroup section */

/* Begin PBXHeadersBuildPhase section */
		1D5D7DB91BE3CE8200FD67C7 /* Headers */ = {
			isa = PBXHeadersBuildPhase;
			buildActionMask = 2147483647;
			files = (
				7CACE678291FE49D003359B5 /* BFCancellationTokenSource.h in Headers */,
				7CACE679291FE49D003359B5 /* Bolts.h in Headers */,
				7CACE67A291FE49D003359B5 /* BFCancellationTokenRegistration.h in Headers */,
				7CACE67B291FE49D003359B5 /* BFCancellationToken.h in Headers */,
				7CACE67C291FE49D003359B5 /* BFExecutor.h in Headers */,
				7CACE67D291FE49D003359B5 /* BFUtils.h in Headers */,
				7CACE67E291FE49D003359B5 /* BFTask.h in Headers */,
				7CACE67F291FE49D003359B5 /* BFTaskCompletionSource.h in Headers */,
				7CACE680291FE49D003359B5 /* BFGeneric.h in Headers */,
				7CACE661291FDB99003359B5 /* BFWebViewAppLinkResolver.h in Headers */,
				7CACE66C291FDB99003359B5 /* BFAppLinkReturnToRefererController.h in Headers */,
				7CACE665291FDB99003359B5 /* BFMeasurementEvent.h in Headers */,
				81CF830D1D0B559800633946 /* BFAppLinkReturnToRefererView_Internal.h in Headers */,
				7CACE664291FDB99003359B5 /* BFAppLinkResolving.h in Headers */,
				7CACE66B291FDB99003359B5 /* BFAppLink.h in Headers */,
				81CF83111D0B559800633946 /* BFURL_Internal.h in Headers */,
				7CACE662291FDB99003359B5 /* BFURL.h in Headers */,
				7CACE668291FDB99003359B5 /* BFAppLinkReturnToRefererView.h in Headers */,
				7CACE65F291FDB99003359B5 /* BFAppLinkNavigation.h in Headers */,
				7CACE667291FDB99003359B5 /* BFAppLinkTarget.h in Headers */,
				81CF830B1D0B559800633946 /* BFAppLink_Internal.h in Headers */,
				81CF830F1D0B559800633946 /* BFMeasurementEvent_Internal.h in Headers */,
			);
			runOnlyForDeploymentPostprocessing = 0;
		};
		8178F98F1BB0F87700AD289D /* Headers */ = {
			isa = PBXHeadersBuildPhase;
			buildActionMask = 2147483647;
			files = (
				7CD7E6F3291B2B8000D4F9DB /* BFCancellationTokenSource.h in Headers */,
				7CD7E6F4291B2B8000D4F9DB /* Bolts.h in Headers */,
				7CD7E6F5291B2B8000D4F9DB /* BFCancellationTokenRegistration.h in Headers */,
				7CD7E6F6291B2B8000D4F9DB /* BFCancellationToken.h in Headers */,
				7CD7E6F7291B2B8000D4F9DB /* BFExecutor.h in Headers */,
				7CD7E6F8291B2B8000D4F9DB /* BFUtils.h in Headers */,
				7CD7E6F9291B2B8000D4F9DB /* BFTask.h in Headers */,
				7CD7E6FA291B2B8000D4F9DB /* BFTaskCompletionSource.h in Headers */,
				7CD7E6FB291B2B8000D4F9DB /* BFGeneric.h in Headers */,
			);
			runOnlyForDeploymentPostprocessing = 0;
		};
		819573E41C2B8ECB00BFCA39 /* Headers */ = {
			isa = PBXHeadersBuildPhase;
			buildActionMask = 2147483647;
			files = (
				7CD7E6FC291B2B8A00D4F9DB /* BFCancellationTokenSource.h in Headers */,
				7CD7E6FD291B2B8A00D4F9DB /* Bolts.h in Headers */,
				7CD7E6FE291B2B8A00D4F9DB /* BFCancellationTokenRegistration.h in Headers */,
				7CD7E6FF291B2B8A00D4F9DB /* BFCancellationToken.h in Headers */,
				7CD7E700291B2B8A00D4F9DB /* BFExecutor.h in Headers */,
				7CD7E701291B2B8A00D4F9DB /* BFUtils.h in Headers */,
				7CD7E702291B2B8A00D4F9DB /* BFTask.h in Headers */,
				7CD7E703291B2B8A00D4F9DB /* BFTaskCompletionSource.h in Headers */,
				7CD7E704291B2B8A00D4F9DB /* BFGeneric.h in Headers */,
			);
			runOnlyForDeploymentPostprocessing = 0;
		};
		81D0EE8119AFA9EE0000AE75 /* Headers */ = {
			isa = PBXHeadersBuildPhase;
			buildActionMask = 2147483647;
			files = (
				7CD7E6CB291B2AF700D4F9DB /* BFCancellationTokenSource.h in Headers */,
				7CD7E6CC291B2AF700D4F9DB /* Bolts.h in Headers */,
				7CD7E6CD291B2AF700D4F9DB /* BFCancellationTokenRegistration.h in Headers */,
				7CD7E6CE291B2AF700D4F9DB /* BFCancellationToken.h in Headers */,
				7CD7E6CF291B2AF700D4F9DB /* BFExecutor.h in Headers */,
				7CD7E6D0291B2AF700D4F9DB /* BFUtils.h in Headers */,
				7CD7E6D1291B2AF700D4F9DB /* BFTask.h in Headers */,
				7CD7E6D2291B2AF700D4F9DB /* BFTaskCompletionSource.h in Headers */,
				7CD7E6D3291B2AF700D4F9DB /* BFGeneric.h in Headers */,
			);
			runOnlyForDeploymentPostprocessing = 0;
		};
		81E94D5D1C2B8BF200A6291E /* Headers */ = {
			isa = PBXHeadersBuildPhase;
			buildActionMask = 2147483647;
			files = (
				7CD7E6EA291B2B6B00D4F9DB /* BFCancellationTokenSource.h in Headers */,
				7CD7E6EB291B2B6B00D4F9DB /* Bolts.h in Headers */,
				7CD7E6EC291B2B6B00D4F9DB /* BFCancellationTokenRegistration.h in Headers */,
				7CD7E6ED291B2B6B00D4F9DB /* BFCancellationToken.h in Headers */,
				7CD7E6EE291B2B6B00D4F9DB /* BFExecutor.h in Headers */,
				7CD7E6EF291B2B6B00D4F9DB /* BFUtils.h in Headers */,
				7CD7E6F0291B2B6B00D4F9DB /* BFTask.h in Headers */,
				7CD7E6F1291B2B6B00D4F9DB /* BFTaskCompletionSource.h in Headers */,
				7CD7E6F2291B2B6B00D4F9DB /* BFGeneric.h in Headers */,
			);
			runOnlyForDeploymentPostprocessing = 0;
		};
		81ED941C1BE147CF00795F05 /* Headers */ = {
			isa = PBXHeadersBuildPhase;
			buildActionMask = 2147483647;
			files = (
				7CACE650291FDB99003359B5 /* BFWebViewAppLinkResolver.h in Headers */,
				7CACE64E291FDB99003359B5 /* BFAppLinkNavigation.h in Headers */,
				7C4C78FC2919C83E00CF5A60 /* BFCancellationTokenSource.h in Headers */,
				7C4C78FD2919C83E00CF5A60 /* Bolts.h in Headers */,
				7CACE657291FDB99003359B5 /* BFAppLinkReturnToRefererView.h in Headers */,
				7C4C78FE2919C83E00CF5A60 /* BFCancellationTokenRegistration.h in Headers */,
				7CACE656291FDB99003359B5 /* BFAppLinkTarget.h in Headers */,
				7CACE653291FDB99003359B5 /* BFAppLinkResolving.h in Headers */,
				7C4C78FF2919C83E00CF5A60 /* BFCancellationToken.h in Headers */,
				7C4C79002919C83E00CF5A60 /* BFExecutor.h in Headers */,
				7C4C79012919C83E00CF5A60 /* BFUtils.h in Headers */,
				7CACE651291FDB99003359B5 /* BFURL.h in Headers */,
				7CACE654291FDB99003359B5 /* BFMeasurementEvent.h in Headers */,
				7C4C79022919C83E00CF5A60 /* BFTask.h in Headers */,
				7C4C79032919C83E00CF5A60 /* BFTaskCompletionSource.h in Headers */,
				7C4C79042919C83E00CF5A60 /* BFGeneric.h in Headers */,
				7CACE65A291FDB99003359B5 /* BFAppLink.h in Headers */,
				81CF830C1D0B559800633946 /* BFAppLinkReturnToRefererView_Internal.h in Headers */,
				81CF83101D0B559800633946 /* BFURL_Internal.h in Headers */,
				81CF830A1D0B559800633946 /* BFAppLink_Internal.h in Headers */,
				81CF830E1D0B559800633946 /* BFMeasurementEvent_Internal.h in Headers */,
				7CACE65B291FDB99003359B5 /* BFAppLinkReturnToRefererController.h in Headers */,
			);
			runOnlyForDeploymentPostprocessing = 0;
		};
		F5AFC9F51BA752750076E927 /* Headers */ = {
			isa = PBXHeadersBuildPhase;
			buildActionMask = 2147483647;
			files = (
				7CD7E6E1291B2B6200D4F9DB /* BFCancellationTokenSource.h in Headers */,
				7CD7E6E2291B2B6200D4F9DB /* Bolts.h in Headers */,
				7CD7E6E3291B2B6200D4F9DB /* BFCancellationTokenRegistration.h in Headers */,
				7CD7E6E4291B2B6200D4F9DB /* BFCancellationToken.h in Headers */,
				7CD7E6E5291B2B6200D4F9DB /* BFExecutor.h in Headers */,
				7CD7E6E6291B2B6200D4F9DB /* BFUtils.h in Headers */,
				7CD7E6E7291B2B6200D4F9DB /* BFTask.h in Headers */,
				7CD7E6E8291B2B6200D4F9DB /* BFTaskCompletionSource.h in Headers */,
				7CD7E6E9291B2B6200D4F9DB /* BFGeneric.h in Headers */,
			);
			runOnlyForDeploymentPostprocessing = 0;
		};
/* End PBXHeadersBuildPhase section */

/* Begin PBXNativeTarget section */
		1D5D7DA61BE3CE8200FD67C7 /* Bolts-iOS-Dynamic */ = {
			isa = PBXNativeTarget;
			buildConfigurationList = 1D5D7DD01BE3CE8200FD67C7 /* Build configuration list for PBXNativeTarget "Bolts-iOS-Dynamic" */;
			buildPhases = (
				1D5D7DA71BE3CE8200FD67C7 /* Sources */,
				1D5D7DB71BE3CE8200FD67C7 /* Frameworks */,
				1D5D7DB91BE3CE8200FD67C7 /* Headers */,
			);
			buildRules = (
			);
			dependencies = (
			);
			name = "Bolts-iOS-Dynamic";
			productName = Bolts;
			productReference = 1D5D7DD31BE3CE8200FD67C7 /* Bolts.framework */;
			productType = "com.apple.product-type.framework";
		};
		1EC3015F18CDAA8300D06D07 /* BoltsTestUI */ = {
			isa = PBXNativeTarget;
			buildConfigurationList = 1EC3018E18CDAA8400D06D07 /* Build configuration list for PBXNativeTarget "BoltsTestUI" */;
			buildPhases = (
				1EC3015C18CDAA8300D06D07 /* Sources */,
				1EC3015D18CDAA8300D06D07 /* Frameworks */,
				1EC3015E18CDAA8300D06D07 /* Resources */,
			);
			buildRules = (
			);
			dependencies = (
			);
			name = BoltsTestUI;
			productName = BoltsTestUI;
			productReference = 1EC3016018CDAA8400D06D07 /* BoltsTestUI.app */;
			productType = "com.apple.product-type.application";
		};
		8178F9841BB0F87700AD289D /* Bolts-watchOS */ = {
			isa = PBXNativeTarget;
			buildConfigurationList = 8178F9991BB0F87700AD289D /* Build configuration list for PBXNativeTarget "Bolts-watchOS" */;
			buildPhases = (
				8178F9851BB0F87700AD289D /* Sources */,
				8178F98D1BB0F87700AD289D /* Frameworks */,
				8178F98F1BB0F87700AD289D /* Headers */,
			);
			buildRules = (
			);
			dependencies = (
			);
			name = "Bolts-watchOS";
			productName = Bolts;
			productReference = 8178F99C1BB0F87700AD289D /* Bolts.framework */;
			productType = "com.apple.product-type.framework";
		};
		819573D91C2B8ECB00BFCA39 /* Bolts-watchOS-Dynamic */ = {
			isa = PBXNativeTarget;
			buildConfigurationList = 819573EE1C2B8ECB00BFCA39 /* Build configuration list for PBXNativeTarget "Bolts-watchOS-Dynamic" */;
			buildPhases = (
				819573DA1C2B8ECB00BFCA39 /* Sources */,
				819573E21C2B8ECB00BFCA39 /* Frameworks */,
				819573E41C2B8ECB00BFCA39 /* Headers */,
			);
			buildRules = (
			);
			dependencies = (
			);
			name = "Bolts-watchOS-Dynamic";
			productName = Bolts;
			productReference = 819573F11C2B8ECB00BFCA39 /* Bolts.framework */;
			productType = "com.apple.product-type.framework";
		};
		81E94D521C2B8BF200A6291E /* Bolts-tvOS-Dynamic */ = {
			isa = PBXNativeTarget;
			buildConfigurationList = 81E94D671C2B8BF200A6291E /* Build configuration list for PBXNativeTarget "Bolts-tvOS-Dynamic" */;
			buildPhases = (
				81E94D531C2B8BF200A6291E /* Sources */,
				81E94D5B1C2B8BF200A6291E /* Frameworks */,
				81E94D5D1C2B8BF200A6291E /* Headers */,
			);
			buildRules = (
			);
			dependencies = (
			);
			name = "Bolts-tvOS-Dynamic";
			productName = Bolts;
			productReference = 81E94D6A1C2B8BF200A6291E /* Bolts.framework */;
			productType = "com.apple.product-type.framework";
		};
		81ED94111BE147CF00795F05 /* Bolts-iOS */ = {
			isa = PBXNativeTarget;
			buildConfigurationList = 81ED94261BE147CF00795F05 /* Build configuration list for PBXNativeTarget "Bolts-iOS" */;
			buildPhases = (
				81ED94121BE147CF00795F05 /* Sources */,
				81ED941A1BE147CF00795F05 /* Frameworks */,
				81ED941C1BE147CF00795F05 /* Headers */,
			);
			buildRules = (
			);
			dependencies = (
			);
			name = "Bolts-iOS";
			productName = Bolts;
			productReference = 81ED94291BE147CF00795F05 /* Bolts.framework */;
			productType = "com.apple.product-type.framework";
		};
		8E8C8EE817F23D1D00E3F1C7 /* BoltsTests-iOS */ = {
			isa = PBXNativeTarget;
			buildConfigurationList = 8E8C8EF817F23D1D00E3F1C7 /* Build configuration list for PBXNativeTarget "BoltsTests-iOS" */;
			buildPhases = (
				8E8C8EE517F23D1D00E3F1C7 /* Sources */,
				8E8C8EE617F23D1D00E3F1C7 /* Frameworks */,
				8E8C8EE717F23D1D00E3F1C7 /* Resources */,
			);
			buildRules = (
			);
			dependencies = (
				818ADC6E1BE1A81900C8006C /* PBXTargetDependency */,
				1E617A8A18DA0CA90056A4E2 /* PBXTargetDependency */,
			);
			name = "BoltsTests-iOS";
			productName = BoltsTests;
			productReference = 8E8C8EE917F23D1D00E3F1C7 /* BoltsTests-iOS.xctest */;
			productType = "com.apple.product-type.bundle.unit-test";
		};
		8E8C8F1817F241DA00E3F1C7 /* BoltsTests-macOS */ = {
			isa = PBXNativeTarget;
			buildConfigurationList = 8E8C8F2617F241DA00E3F1C7 /* Build configuration list for PBXNativeTarget "BoltsTests-macOS" */;
			buildPhases = (
				8E8C8F1517F241DA00E3F1C7 /* Sources */,
				8E8C8F1617F241DA00E3F1C7 /* Frameworks */,
				8E8C8F1717F241DA00E3F1C7 /* Resources */,
			);
			buildRules = (
			);
			dependencies = (
				8E8C8F2517F241DA00E3F1C7 /* PBXTargetDependency */,
			);
			name = "BoltsTests-macOS";
			productName = MacBoltsTests;
			productReference = 8E8C8F1917F241DA00E3F1C7 /* BoltsTests-OSX.xctest */;
			productType = "com.apple.product-type.bundle.unit-test";
		};
		8EDDA62817E17DDC00655F8A /* Bolts-macOS */ = {
			isa = PBXNativeTarget;
			buildConfigurationList = 8EDDA63217E17DDC00655F8A /* Build configuration list for PBXNativeTarget "Bolts-macOS" */;
			buildPhases = (
				8EDDA62C17E17DDC00655F8A /* Sources */,
				8EDDA62F17E17DDC00655F8A /* Frameworks */,
				81D0EE8119AFA9EE0000AE75 /* Headers */,
			);
			buildRules = (
			);
			dependencies = (
			);
			name = "Bolts-macOS";
			productName = Bolts;
			productReference = 81ED946E1BE14B5200795F05 /* Bolts.framework */;
			productType = "com.apple.product-type.framework";
		};
		F5AFC9EA1BA752750076E927 /* Bolts-tvOS */ = {
			isa = PBXNativeTarget;
			buildConfigurationList = F5AFC9FF1BA752750076E927 /* Build configuration list for PBXNativeTarget "Bolts-tvOS" */;
			buildPhases = (
				F5AFC9EB1BA752750076E927 /* Sources */,
				F5AFC9F31BA752750076E927 /* Frameworks */,
				F5AFC9F51BA752750076E927 /* Headers */,
			);
			buildRules = (
			);
			dependencies = (
			);
			name = "Bolts-tvOS";
			productName = Bolts;
			productReference = F5AFCA021BA752750076E927 /* Bolts.framework */;
			productType = "com.apple.product-type.framework";
		};
		F5AFCA041BA752770076E927 /* BoltsTests-tvOS */ = {
			isa = PBXNativeTarget;
			buildConfigurationList = F5AFCA101BA752770076E927 /* Build configuration list for PBXNativeTarget "BoltsTests-tvOS" */;
			buildPhases = (
				F5AFCA071BA752770076E927 /* Sources */,
				F5AFCA0C1BA752770076E927 /* Frameworks */,
				F5AFCA0F1BA752770076E927 /* Resources */,
			);
			buildRules = (
			);
			dependencies = (
				818ADC691BE1A7F000C8006C /* PBXTargetDependency */,
			);
			name = "BoltsTests-tvOS";
			productName = MacBoltsTests;
			productReference = F5AFCA131BA752770076E927 /* BoltsTests-tvOS.xctest */;
			productType = "com.apple.product-type.bundle.unit-test";
		};
/* End PBXNativeTarget section */

/* Begin PBXProject section */
		8E9C3CE117DE9DE000427E62 /* Project object */ = {
			isa = PBXProject;
			attributes = {
				LastUpgradeCheck = 1140;
				ORGANIZATIONNAME = "Parse Inc.";
				TargetAttributes = {
					8E8C8F1817F241DA00E3F1C7 = {
						TestTargetID = 8EDDA62817E17DDC00655F8A;
					};
				};
			};
			buildConfigurationList = 8E9C3CE417DE9DE000427E62 /* Build configuration list for PBXProject "Bolts" */;
			compatibilityVersion = "Xcode 3.2";
			developmentRegion = en;
			hasScannedForEncodings = 0;
			knownRegions = (
				English,
				en,
				Base,
			);
			mainGroup = 8E9C3CE017DE9DE000427E62;
			productRefGroup = 8E9C3CEA17DE9DE000427E62 /* Products */;
			projectDirPath = "";
			projectRoot = "";
			targets = (
				81ED94111BE147CF00795F05 /* Bolts-iOS */,
				1D5D7DA61BE3CE8200FD67C7 /* Bolts-iOS-Dynamic */,
				8EDDA62817E17DDC00655F8A /* Bolts-macOS */,
				F5AFC9EA1BA752750076E927 /* Bolts-tvOS */,
				81E94D521C2B8BF200A6291E /* Bolts-tvOS-Dynamic */,
				8178F9841BB0F87700AD289D /* Bolts-watchOS */,
				819573D91C2B8ECB00BFCA39 /* Bolts-watchOS-Dynamic */,
				8E8C8EE817F23D1D00E3F1C7 /* BoltsTests-iOS */,
				8E8C8F1817F241DA00E3F1C7 /* BoltsTests-macOS */,
				F5AFCA041BA752770076E927 /* BoltsTests-tvOS */,
				1EC3015F18CDAA8300D06D07 /* BoltsTestUI */,
			);
		};
/* End PBXProject section */

/* Begin PBXResourcesBuildPhase section */
		1EC3015E18CDAA8300D06D07 /* Resources */ = {
			isa = PBXResourcesBuildPhase;
			buildActionMask = 2147483647;
			files = (
				1EC3016B18CDAA8400D06D07 /* InfoPlist.strings in Resources */,
				1EC3017318CDAA8400D06D07 /* Images.xcassets in Resources */,
				1E9BF8DC18EA0CAD00514B1E /* test.html in Resources */,
			);
			runOnlyForDeploymentPostprocessing = 0;
		};
		8E8C8EE717F23D1D00E3F1C7 /* Resources */ = {
			isa = PBXResourcesBuildPhase;
			buildActionMask = 2147483647;
			files = (
			);
			runOnlyForDeploymentPostprocessing = 0;
		};
		8E8C8F1717F241DA00E3F1C7 /* Resources */ = {
			isa = PBXResourcesBuildPhase;
			buildActionMask = 2147483647;
			files = (
			);
			runOnlyForDeploymentPostprocessing = 0;
		};
		F5AFCA0F1BA752770076E927 /* Resources */ = {
			isa = PBXResourcesBuildPhase;
			buildActionMask = 2147483647;
			files = (
			);
			runOnlyForDeploymentPostprocessing = 0;
		};
/* End PBXResourcesBuildPhase section */

/* Begin PBXSourcesBuildPhase section */
		1D5D7DA71BE3CE8200FD67C7 /* Sources */ = {
			isa = PBXSourcesBuildPhase;
			buildActionMask = 2147483647;
			files = (
				7CACE66A291FDB99003359B5 /* BFURL.m in Sources */,
				7C4C78B72919C45900CF5A60 /* BFTask.m in Sources */,
				7CACE666291FDB99003359B5 /* BFAppLinkTarget.m in Sources */,
				7C4C78B22919C45900CF5A60 /* BFExecutor.m in Sources */,
				7C4C78B42919C45900CF5A60 /* BFCancellationTokenRegistration.m in Sources */,
				7CACE669291FDB99003359B5 /* BFAppLinkReturnToRefererController.m in Sources */,
				7C4C78B52919C45900CF5A60 /* Bolts.m in Sources */,
				7C4C78B62919C45900CF5A60 /* BFCancellationTokenSource.m in Sources */,
				7CACE660291FDB99003359B5 /* BFAppLinkReturnToRefererView.m in Sources */,
				7CACE65E291FDB99003359B5 /* BFWebViewAppLinkResolver.m in Sources */,
				7CACE65D291FDB99003359B5 /* BFAppLinkNavigation.m in Sources */,
				7C4C78B92919C45900CF5A60 /* BFTaskCompletionSource.m in Sources */,
				7C4C78B32919C45900CF5A60 /* BFUtils.m in Sources */,
				7CACE66D291FDB99003359B5 /* BFAppLink.m in Sources */,
				7C4C78B82919C45900CF5A60 /* BFCancellationToken.m in Sources */,
				7CACE663291FDB99003359B5 /* BFMeasurementEvent.m in Sources */,
			);
			runOnlyForDeploymentPostprocessing = 0;
		};
		1EC3015C18CDAA8300D06D07 /* Sources */ = {
			isa = PBXSourcesBuildPhase;
			buildActionMask = 2147483647;
			files = (
				1EC3017118CDAA8400D06D07 /* AppDelegate.m in Sources */,
				1EC3016D18CDAA8400D06D07 /* main.m in Sources */,
			);
			runOnlyForDeploymentPostprocessing = 0;
		};
		8178F9851BB0F87700AD289D /* Sources */ = {
			isa = PBXSourcesBuildPhase;
			buildActionMask = 2147483647;
			files = (
				7C4C78D22919C45A00CF5A60 /* BFExecutor.m in Sources */,
				7C4C78D92919C45A00CF5A60 /* BFTaskCompletionSource.m in Sources */,
				7C4C78D32919C45A00CF5A60 /* BFUtils.m in Sources */,
				7C4C78D62919C45A00CF5A60 /* BFCancellationTokenSource.m in Sources */,
				7C4C78D52919C45A00CF5A60 /* Bolts.m in Sources */,
				7C4C78D72919C45A00CF5A60 /* BFTask.m in Sources */,
				7C4C78D42919C45A00CF5A60 /* BFCancellationTokenRegistration.m in Sources */,
				7C4C78D82919C45A00CF5A60 /* BFCancellationToken.m in Sources */,
			);
			runOnlyForDeploymentPostprocessing = 0;
		};
		819573DA1C2B8ECB00BFCA39 /* Sources */ = {
			isa = PBXSourcesBuildPhase;
			buildActionMask = 2147483647;
			files = (
				7C4C78DA2919C45B00CF5A60 /* BFExecutor.m in Sources */,
				7C4C78E12919C45B00CF5A60 /* BFTaskCompletionSource.m in Sources */,
				7C4C78DB2919C45B00CF5A60 /* BFUtils.m in Sources */,
				7C4C78DE2919C45B00CF5A60 /* BFCancellationTokenSource.m in Sources */,
				7C4C78DD2919C45B00CF5A60 /* Bolts.m in Sources */,
				7C4C78DF2919C45B00CF5A60 /* BFTask.m in Sources */,
				7C4C78DC2919C45B00CF5A60 /* BFCancellationTokenRegistration.m in Sources */,
				7C4C78E02919C45B00CF5A60 /* BFCancellationToken.m in Sources */,
			);
			runOnlyForDeploymentPostprocessing = 0;
		};
		81E94D531C2B8BF200A6291E /* Sources */ = {
			isa = PBXSourcesBuildPhase;
			buildActionMask = 2147483647;
			files = (
				7C4C78CA2919C45A00CF5A60 /* BFExecutor.m in Sources */,
				7C4C78D12919C45A00CF5A60 /* BFTaskCompletionSource.m in Sources */,
				7C4C78CB2919C45A00CF5A60 /* BFUtils.m in Sources */,
				7C4C78CE2919C45A00CF5A60 /* BFCancellationTokenSource.m in Sources */,
				7C4C78CD2919C45A00CF5A60 /* Bolts.m in Sources */,
				7C4C78CF2919C45A00CF5A60 /* BFTask.m in Sources */,
				7C4C78CC2919C45A00CF5A60 /* BFCancellationTokenRegistration.m in Sources */,
				7C4C78D02919C45A00CF5A60 /* BFCancellationToken.m in Sources */,
			);
			runOnlyForDeploymentPostprocessing = 0;
		};
		81ED94121BE147CF00795F05 /* Sources */ = {
			isa = PBXSourcesBuildPhase;
			buildActionMask = 2147483647;
			files = (
				7CACE659291FDB99003359B5 /* BFURL.m in Sources */,
				7C4C78AF2919C45900CF5A60 /* BFTask.m in Sources */,
				7CACE655291FDB99003359B5 /* BFAppLinkTarget.m in Sources */,
				7C4C78AA2919C45900CF5A60 /* BFExecutor.m in Sources */,
				7C4C78AC2919C45900CF5A60 /* BFCancellationTokenRegistration.m in Sources */,
				7CACE658291FDB99003359B5 /* BFAppLinkReturnToRefererController.m in Sources */,
				7C4C78AD2919C45900CF5A60 /* Bolts.m in Sources */,
				7C4C78AE2919C45900CF5A60 /* BFCancellationTokenSource.m in Sources */,
				7CACE64F291FDB99003359B5 /* BFAppLinkReturnToRefererView.m in Sources */,
				7CACE64D291FDB99003359B5 /* BFWebViewAppLinkResolver.m in Sources */,
				7CACE64C291FDB99003359B5 /* BFAppLinkNavigation.m in Sources */,
				7C4C78B12919C45900CF5A60 /* BFTaskCompletionSource.m in Sources */,
				7C4C78AB2919C45900CF5A60 /* BFUtils.m in Sources */,
				7CACE65C291FDB99003359B5 /* BFAppLink.m in Sources */,
				7C4C78B02919C45900CF5A60 /* BFCancellationToken.m in Sources */,
				7CACE652291FDB99003359B5 /* BFMeasurementEvent.m in Sources */,
			);
			runOnlyForDeploymentPostprocessing = 0;
		};
		8E8C8EE517F23D1D00E3F1C7 /* Sources */ = {
			isa = PBXSourcesBuildPhase;
			buildActionMask = 2147483647;
			files = (
				81DC1A621B7A7F4000F491DC /* ExecutorTests.m in Sources */,
				1EC3019118CDABCE00D06D07 /* AppLinkTests.m in Sources */,
				7C60AEC61ACF19F900747DD7 /* CancellationTests.m in Sources */,
				85D5138A18E4E45800D19D87 /* AppLinkReturnToRefererViewTests.m in Sources */,
				8E8C8EFB17F23E5F00E3F1C7 /* TaskTests.m in Sources */,
			);
			runOnlyForDeploymentPostprocessing = 0;
		};
		8E8C8F1517F241DA00E3F1C7 /* Sources */ = {
			isa = PBXSourcesBuildPhase;
			buildActionMask = 2147483647;
			files = (
				81DC1A631B7A7F4000F491DC /* ExecutorTests.m in Sources */,
				8E8C8F2917F241FF00E3F1C7 /* TaskTests.m in Sources */,
				7C60AEC71ACF19FD00747DD7 /* CancellationTests.m in Sources */,
			);
			runOnlyForDeploymentPostprocessing = 0;
		};
		8EDDA62C17E17DDC00655F8A /* Sources */ = {
			isa = PBXSourcesBuildPhase;
			buildActionMask = 2147483647;
			files = (
				7C4C78BA2919C45900CF5A60 /* BFExecutor.m in Sources */,
				7C4C78C12919C45900CF5A60 /* BFTaskCompletionSource.m in Sources */,
				7C4C78BB2919C45900CF5A60 /* BFUtils.m in Sources */,
				7C4C78BE2919C45900CF5A60 /* BFCancellationTokenSource.m in Sources */,
				7C4C78BD2919C45900CF5A60 /* Bolts.m in Sources */,
				7C4C78BF2919C45900CF5A60 /* BFTask.m in Sources */,
				7C4C78BC2919C45900CF5A60 /* BFCancellationTokenRegistration.m in Sources */,
				7C4C78C02919C45900CF5A60 /* BFCancellationToken.m in Sources */,
			);
			runOnlyForDeploymentPostprocessing = 0;
		};
		F5AFC9EB1BA752750076E927 /* Sources */ = {
			isa = PBXSourcesBuildPhase;
			buildActionMask = 2147483647;
			files = (
				7C4C78C22919C45A00CF5A60 /* BFExecutor.m in Sources */,
				7C4C78C92919C45A00CF5A60 /* BFTaskCompletionSource.m in Sources */,
				7C4C78C32919C45A00CF5A60 /* BFUtils.m in Sources */,
				7C4C78C62919C45A00CF5A60 /* BFCancellationTokenSource.m in Sources */,
				7C4C78C52919C45A00CF5A60 /* Bolts.m in Sources */,
				7C4C78C72919C45A00CF5A60 /* BFTask.m in Sources */,
				7C4C78C42919C45A00CF5A60 /* BFCancellationTokenRegistration.m in Sources */,
				7C4C78C82919C45A00CF5A60 /* BFCancellationToken.m in Sources */,
			);
			runOnlyForDeploymentPostprocessing = 0;
		};
		F5AFCA071BA752770076E927 /* Sources */ = {
			isa = PBXSourcesBuildPhase;
			buildActionMask = 2147483647;
			files = (
				F5AFCA081BA752770076E927 /* ExecutorTests.m in Sources */,
				F5AFCA0A1BA752770076E927 /* TaskTests.m in Sources */,
				F5AFCA0B1BA752770076E927 /* CancellationTests.m in Sources */,
			);
			runOnlyForDeploymentPostprocessing = 0;
		};
/* End PBXSourcesBuildPhase section */

/* Begin PBXTargetDependency section */
		1E617A8A18DA0CA90056A4E2 /* PBXTargetDependency */ = {
			isa = PBXTargetDependency;
			target = 1EC3015F18CDAA8300D06D07 /* BoltsTestUI */;
			targetProxy = 1E617A8918DA0CA90056A4E2 /* PBXContainerItemProxy */;
		};
		818ADC691BE1A7F000C8006C /* PBXTargetDependency */ = {
			isa = PBXTargetDependency;
			target = F5AFC9EA1BA752750076E927 /* Bolts-tvOS */;
			targetProxy = 818ADC681BE1A7F000C8006C /* PBXContainerItemProxy */;
		};
		818ADC6E1BE1A81900C8006C /* PBXTargetDependency */ = {
			isa = PBXTargetDependency;
			target = 81ED94111BE147CF00795F05 /* Bolts-iOS */;
			targetProxy = 818ADC6D1BE1A81900C8006C /* PBXContainerItemProxy */;
		};
		8E8C8F2517F241DA00E3F1C7 /* PBXTargetDependency */ = {
			isa = PBXTargetDependency;
			target = 8EDDA62817E17DDC00655F8A /* Bolts-macOS */;
			targetProxy = 8E8C8F2417F241DA00E3F1C7 /* PBXContainerItemProxy */;
		};
/* End PBXTargetDependency section */

/* Begin PBXVariantGroup section */
		1EC3016918CDAA8400D06D07 /* InfoPlist.strings */ = {
			isa = PBXVariantGroup;
			children = (
				1EC3016A18CDAA8400D06D07 /* en */,
			);
			name = InfoPlist.strings;
			sourceTree = "<group>";
		};
		7C4C78A82919C44600CF5A60 /* Localizable.strings */ = {
			isa = PBXVariantGroup;
			children = (
				7C4C78A92919C44600CF5A60 /* en */,
			);
			name = Localizable.strings;
			sourceTree = "<group>";
		};
		8E8C8EDA17F23C3B00E3F1C7 /* InfoPlist.strings */ = {
			isa = PBXVariantGroup;
			children = (
				8E8C8EDB17F23C3B00E3F1C7 /* en */,
			);
			name = InfoPlist.strings;
			sourceTree = "<group>";
		};
/* End PBXVariantGroup section */

/* Begin XCBuildConfiguration section */
		1D5D7DD11BE3CE8200FD67C7 /* Debug */ = {
			isa = XCBuildConfiguration;
			baseConfigurationReference = 81D646E31D2CA0E000690609 /* Bolts-iOS-Dynamic.xcconfig */;
			buildSettings = {
				FRAMEWORK_SEARCH_PATHS = "";
			};
			name = Debug;
		};
		1D5D7DD21BE3CE8200FD67C7 /* Release */ = {
			isa = XCBuildConfiguration;
			baseConfigurationReference = 81D646E31D2CA0E000690609 /* Bolts-iOS-Dynamic.xcconfig */;
			buildSettings = {
				FRAMEWORK_SEARCH_PATHS = "";
			};
			name = Release;
		};
		1EC3018618CDAA8400D06D07 /* Debug */ = {
			isa = XCBuildConfiguration;
			buildSettings = {
				ASSETCATALOG_COMPILER_APPICON_NAME = AppIcon;
				ASSETCATALOG_COMPILER_LAUNCHIMAGE_NAME = LaunchImage;
				CLANG_ENABLE_MODULES = YES;
				CLANG_WARN_BOOL_CONVERSION = YES;
				CLANG_WARN_DIRECT_OBJC_ISA_USAGE = YES_ERROR;
				CLANG_WARN_OBJC_ROOT_CLASS = YES_ERROR;
				"CODE_SIGN_IDENTITY[sdk=iphoneos*]" = "iPhone Developer";
				GCC_PREPROCESSOR_DEFINITIONS = (
					"DEBUG=1",
					"$(inherited)",
				);
				GCC_WARN_64_TO_32_BIT_CONVERSION = YES;
				GCC_WARN_ABOUT_RETURN_TYPE = YES_ERROR;
				GCC_WARN_UNDECLARED_SELECTOR = YES;
				GCC_WARN_UNUSED_FUNCTION = YES;
				INFOPLIST_FILE = "BoltsTestUI/BoltsTestUI-Info.plist";
				IPHONEOS_DEPLOYMENT_TARGET = 8.0;
				PRODUCT_BUNDLE_IDENTIFIER = com.bolts.ios.testapp;
				PRODUCT_NAME = "$(TARGET_NAME)";
				SDKROOT = iphoneos;
				TARGETED_DEVICE_FAMILY = "1,2";
				WRAPPER_EXTENSION = app;
			};
			name = Debug;
		};
		1EC3018818CDAA8400D06D07 /* Release */ = {
			isa = XCBuildConfiguration;
			buildSettings = {
				ASSETCATALOG_COMPILER_APPICON_NAME = AppIcon;
				ASSETCATALOG_COMPILER_LAUNCHIMAGE_NAME = LaunchImage;
				CLANG_ENABLE_MODULES = YES;
				CLANG_WARN_BOOL_CONVERSION = YES;
				CLANG_WARN_DIRECT_OBJC_ISA_USAGE = YES_ERROR;
				CLANG_WARN_OBJC_ROOT_CLASS = YES_ERROR;
				"CODE_SIGN_IDENTITY[sdk=iphoneos*]" = "iPhone Developer";
				ENABLE_NS_ASSERTIONS = NO;
				GCC_WARN_64_TO_32_BIT_CONVERSION = YES;
				GCC_WARN_ABOUT_RETURN_TYPE = YES_ERROR;
				GCC_WARN_UNDECLARED_SELECTOR = YES;
				GCC_WARN_UNUSED_FUNCTION = YES;
				INFOPLIST_FILE = "BoltsTestUI/BoltsTestUI-Info.plist";
				IPHONEOS_DEPLOYMENT_TARGET = 8.0;
				PRODUCT_BUNDLE_IDENTIFIER = com.bolts.ios.testapp;
				PRODUCT_NAME = "$(TARGET_NAME)";
				SDKROOT = iphoneos;
				TARGETED_DEVICE_FAMILY = "1,2";
				WRAPPER_EXTENSION = app;
			};
			name = Release;
		};
		8178F99A1BB0F87700AD289D /* Debug */ = {
			isa = XCBuildConfiguration;
			baseConfigurationReference = 81D646E91D2CA0E000690609 /* Bolts-watchOS.xcconfig */;
			buildSettings = {
			};
			name = Debug;
		};
		8178F99B1BB0F87700AD289D /* Release */ = {
			isa = XCBuildConfiguration;
			baseConfigurationReference = 81D646E91D2CA0E000690609 /* Bolts-watchOS.xcconfig */;
			buildSettings = {
			};
			name = Release;
		};
		819573EF1C2B8ECB00BFCA39 /* Debug */ = {
			isa = XCBuildConfiguration;
			baseConfigurationReference = 81D646E81D2CA0E000690609 /* Bolts-watchOS-Dynamic.xcconfig */;
			buildSettings = {
			};
			name = Debug;
		};
		819573F01C2B8ECB00BFCA39 /* Release */ = {
			isa = XCBuildConfiguration;
			baseConfigurationReference = 81D646E81D2CA0E000690609 /* Bolts-watchOS-Dynamic.xcconfig */;
			buildSettings = {
			};
			name = Release;
		};
		81E94D681C2B8BF200A6291E /* Debug */ = {
			isa = XCBuildConfiguration;
			baseConfigurationReference = 81D646E61D2CA0E000690609 /* Bolts-tvOS-Dynamic.xcconfig */;
			buildSettings = {
			};
			name = Debug;
		};
		81E94D691C2B8BF200A6291E /* Release */ = {
			isa = XCBuildConfiguration;
			baseConfigurationReference = 81D646E61D2CA0E000690609 /* Bolts-tvOS-Dynamic.xcconfig */;
			buildSettings = {
			};
			name = Release;
		};
		81ED94271BE147CF00795F05 /* Debug */ = {
			isa = XCBuildConfiguration;
			baseConfigurationReference = 81D646E41D2CA0E000690609 /* Bolts-iOS.xcconfig */;
			buildSettings = {
				FRAMEWORK_SEARCH_PATHS = "";
			};
			name = Debug;
		};
		81ED94281BE147CF00795F05 /* Release */ = {
			isa = XCBuildConfiguration;
			baseConfigurationReference = 81D646E41D2CA0E000690609 /* Bolts-iOS.xcconfig */;
			buildSettings = {
				FRAMEWORK_SEARCH_PATHS = "";
			};
			name = Release;
		};
		8E8C8EF917F23D1D00E3F1C7 /* Debug */ = {
			isa = XCBuildConfiguration;
			baseConfigurationReference = 81D646EA1D2CA0E000690609 /* BoltsTests-iOS.xcconfig */;
			buildSettings = {
				FRAMEWORK_SEARCH_PATHS = "";
				SDKROOT = iphoneos;
				SUPPORTED_PLATFORMS = "iphonesimulator iphoneos";
				VALID_ARCHS = "arm64 arm64e armv7 armv7s";
			};
			name = Debug;
		};
		8E8C8EFA17F23D1D00E3F1C7 /* Release */ = {
			isa = XCBuildConfiguration;
			baseConfigurationReference = 81D646EA1D2CA0E000690609 /* BoltsTests-iOS.xcconfig */;
			buildSettings = {
				FRAMEWORK_SEARCH_PATHS = "";
				SDKROOT = iphoneos;
				SUPPORTED_PLATFORMS = "iphonesimulator iphoneos";
				VALID_ARCHS = "arm64 arm64e armv7 armv7s";
			};
			name = Release;
		};
		8E8C8F2717F241DA00E3F1C7 /* Debug */ = {
			isa = XCBuildConfiguration;
			baseConfigurationReference = 81D646EB1D2CA0E000690609 /* BoltsTests-OSX.xcconfig */;
			buildSettings = {
			};
			name = Debug;
		};
		8E8C8F2817F241DA00E3F1C7 /* Release */ = {
			isa = XCBuildConfiguration;
			baseConfigurationReference = 81D646EB1D2CA0E000690609 /* BoltsTests-OSX.xcconfig */;
			buildSettings = {
			};
			name = Release;
		};
		8E9C3D0C17DE9DE000427E62 /* Debug */ = {
			isa = XCBuildConfiguration;
			baseConfigurationReference = 81D646FA1D2CA0E000690609 /* Debug.xcconfig */;
			buildSettings = {
				CLANG_ANALYZER_LOCALIZABILITY_NONLOCALIZED = YES;
				IPHONEOS_DEPLOYMENT_TARGET = 8.0;
				MACOSX_DEPLOYMENT_TARGET = 10.13;
			};
			name = Debug;
		};
		8E9C3D0D17DE9DE000427E62 /* Release */ = {
			isa = XCBuildConfiguration;
			baseConfigurationReference = 81D646FB1D2CA0E000690609 /* Release.xcconfig */;
			buildSettings = {
				CLANG_ANALYZER_LOCALIZABILITY_NONLOCALIZED = YES;
				IPHONEOS_DEPLOYMENT_TARGET = 8.0;
				MACOSX_DEPLOYMENT_TARGET = 10.13;
			};
			name = Release;
		};
		8EDDA63317E17DDC00655F8A /* Debug */ = {
			isa = XCBuildConfiguration;
			baseConfigurationReference = 81D646E51D2CA0E000690609 /* Bolts-macOS.xcconfig */;
			buildSettings = {
				DYLIB_COMPATIBILITY_VERSION = 1;
				LD_RUNPATH_SEARCH_PATHS = "$(inherited) @executable_path/Frameworks @loader_path/Frameworks";
			};
			name = Debug;
		};
		8EDDA63417E17DDC00655F8A /* Release */ = {
			isa = XCBuildConfiguration;
			baseConfigurationReference = 81D646E51D2CA0E000690609 /* Bolts-macOS.xcconfig */;
			buildSettings = {
				DYLIB_COMPATIBILITY_VERSION = 1;
				LD_RUNPATH_SEARCH_PATHS = "$(inherited) @executable_path/Frameworks @loader_path/Frameworks";
			};
			name = Release;
		};
		F5AFCA001BA752750076E927 /* Debug */ = {
			isa = XCBuildConfiguration;
			baseConfigurationReference = 81D646E71D2CA0E000690609 /* Bolts-tvOS.xcconfig */;
			buildSettings = {
			};
			name = Debug;
		};
		F5AFCA011BA752750076E927 /* Release */ = {
			isa = XCBuildConfiguration;
			baseConfigurationReference = 81D646E71D2CA0E000690609 /* Bolts-tvOS.xcconfig */;
			buildSettings = {
			};
			name = Release;
		};
		F5AFCA111BA752770076E927 /* Debug */ = {
			isa = XCBuildConfiguration;
			baseConfigurationReference = 81D646EC1D2CA0E000690609 /* BoltsTests-tvOS.xcconfig */;
			buildSettings = {
			};
			name = Debug;
		};
		F5AFCA121BA752770076E927 /* Release */ = {
			isa = XCBuildConfiguration;
			baseConfigurationReference = 81D646EC1D2CA0E000690609 /* BoltsTests-tvOS.xcconfig */;
			buildSettings = {
			};
			name = Release;
		};
/* End XCBuildConfiguration section */

/* Begin XCConfigurationList section */
		1D5D7DD01BE3CE8200FD67C7 /* Build configuration list for PBXNativeTarget "Bolts-iOS-Dynamic" */ = {
			isa = XCConfigurationList;
			buildConfigurations = (
				1D5D7DD11BE3CE8200FD67C7 /* Debug */,
				1D5D7DD21BE3CE8200FD67C7 /* Release */,
			);
			defaultConfigurationIsVisible = 0;
			defaultConfigurationName = Release;
		};
		1EC3018E18CDAA8400D06D07 /* Build configuration list for PBXNativeTarget "BoltsTestUI" */ = {
			isa = XCConfigurationList;
			buildConfigurations = (
				1EC3018618CDAA8400D06D07 /* Debug */,
				1EC3018818CDAA8400D06D07 /* Release */,
			);
			defaultConfigurationIsVisible = 0;
			defaultConfigurationName = Release;
		};
		8178F9991BB0F87700AD289D /* Build configuration list for PBXNativeTarget "Bolts-watchOS" */ = {
			isa = XCConfigurationList;
			buildConfigurations = (
				8178F99A1BB0F87700AD289D /* Debug */,
				8178F99B1BB0F87700AD289D /* Release */,
			);
			defaultConfigurationIsVisible = 0;
			defaultConfigurationName = Release;
		};
		819573EE1C2B8ECB00BFCA39 /* Build configuration list for PBXNativeTarget "Bolts-watchOS-Dynamic" */ = {
			isa = XCConfigurationList;
			buildConfigurations = (
				819573EF1C2B8ECB00BFCA39 /* Debug */,
				819573F01C2B8ECB00BFCA39 /* Release */,
			);
			defaultConfigurationIsVisible = 0;
			defaultConfigurationName = Release;
		};
		81E94D671C2B8BF200A6291E /* Build configuration list for PBXNativeTarget "Bolts-tvOS-Dynamic" */ = {
			isa = XCConfigurationList;
			buildConfigurations = (
				81E94D681C2B8BF200A6291E /* Debug */,
				81E94D691C2B8BF200A6291E /* Release */,
			);
			defaultConfigurationIsVisible = 0;
			defaultConfigurationName = Release;
		};
		81ED94261BE147CF00795F05 /* Build configuration list for PBXNativeTarget "Bolts-iOS" */ = {
			isa = XCConfigurationList;
			buildConfigurations = (
				81ED94271BE147CF00795F05 /* Debug */,
				81ED94281BE147CF00795F05 /* Release */,
			);
			defaultConfigurationIsVisible = 0;
			defaultConfigurationName = Release;
		};
		8E8C8EF817F23D1D00E3F1C7 /* Build configuration list for PBXNativeTarget "BoltsTests-iOS" */ = {
			isa = XCConfigurationList;
			buildConfigurations = (
				8E8C8EF917F23D1D00E3F1C7 /* Debug */,
				8E8C8EFA17F23D1D00E3F1C7 /* Release */,
			);
			defaultConfigurationIsVisible = 0;
			defaultConfigurationName = Release;
		};
		8E8C8F2617F241DA00E3F1C7 /* Build configuration list for PBXNativeTarget "BoltsTests-macOS" */ = {
			isa = XCConfigurationList;
			buildConfigurations = (
				8E8C8F2717F241DA00E3F1C7 /* Debug */,
				8E8C8F2817F241DA00E3F1C7 /* Release */,
			);
			defaultConfigurationIsVisible = 0;
			defaultConfigurationName = Release;
		};
		8E9C3CE417DE9DE000427E62 /* Build configuration list for PBXProject "Bolts" */ = {
			isa = XCConfigurationList;
			buildConfigurations = (
				8E9C3D0C17DE9DE000427E62 /* Debug */,
				8E9C3D0D17DE9DE000427E62 /* Release */,
			);
			defaultConfigurationIsVisible = 0;
			defaultConfigurationName = Release;
		};
		8EDDA63217E17DDC00655F8A /* Build configuration list for PBXNativeTarget "Bolts-macOS" */ = {
			isa = XCConfigurationList;
			buildConfigurations = (
				8EDDA63317E17DDC00655F8A /* Debug */,
				8EDDA63417E17DDC00655F8A /* Release */,
			);
			defaultConfigurationIsVisible = 0;
			defaultConfigurationName = Release;
		};
		F5AFC9FF1BA752750076E927 /* Build configuration list for PBXNativeTarget "Bolts-tvOS" */ = {
			isa = XCConfigurationList;
			buildConfigurations = (
				F5AFCA001BA752750076E927 /* Debug */,
				F5AFCA011BA752750076E927 /* Release */,
			);
			defaultConfigurationIsVisible = 0;
			defaultConfigurationName = Release;
		};
		F5AFCA101BA752770076E927 /* Build configuration list for PBXNativeTarget "BoltsTests-tvOS" */ = {
			isa = XCConfigurationList;
			buildConfigurations = (
				F5AFCA111BA752770076E927 /* Debug */,
				F5AFCA121BA752770076E927 /* Release */,
			);
			defaultConfigurationIsVisible = 0;
			defaultConfigurationName = Release;
		};
/* End XCConfigurationList section */
	};
	rootObject = 8E9C3CE117DE9DE000427E62 /* Project object */;
}
